
Microsoft Visual Studio Solution File, Format Version 12.00
# Visual Studio Version 17
VisualStudioVersion = 17.4.33403.182
MinimumVisualStudioVersion = 10.0.40219.1
Project("{FAE04EC0-301F-11D3-BF4B-00C04F79EFBC}") = "DispatcherConsole", "DispatcherConsole\DispatcherConsole.csproj", "{A3BEB9F9-6763-4BE5-9820-02036AD67D75}"
EndProject
Project("{9A19103F-16F7-4668-BE54-9A1E7A4F7556}") = "RevitExtensionTests", "RevitExtensionTests\RevitExtensionTests.csproj", "{E1F0CBDC-FEE4-464A-B8E6-211EAF90AF93}"
EndProject
Project("{9A19103F-16F7-4668-BE54-9A1E7A4F7556}") = "DotNet.Interactive.Extensions.Revit", "DotNet.Interactive.Extensions.Revit\DotNet.Interactive.Extensions.Revit.csproj", "{0B6510FD-0BB2-49EE-9B51-7096F06D42C8}"
EndProject
Project("{9A19103F-16F7-4668-BE54-9A1E7A4F7556}") = "CQBimRevitConnector", "Addin\CQBimRevitConnector.csproj", "{14859909-279D-44C4-A81C-1DB1C170A9D2}"
EndProject
Project("{FAE04EC0-301F-11D3-BF4B-00C04F79EFBC}") = "RevitKernelAddin", "RevitKernelUI\RevitKernelAddin.csproj", "{9793765C-5C40-4A59-B0E6-4F2F72973795}"
EndProject
Project("{9A19103F-16F7-4668-BE54-9A1E7A4F7556}") = "RevitKernel", "RevitKernelUI\RevitKernel.csproj", "{B6738256-9924-45B1-BDC4-AED0D60BEC4F}"
EndProject
Global
	GlobalSection(SolutionConfigurationPlatforms) = preSolution
		Debug R19|Any CPU = Debug R19|Any CPU
		Debug R20|Any CPU = Debug R20|Any CPU
		Debug R21|Any CPU = Debug R21|Any CPU
		Debug R22|Any CPU = Debug R22|Any CPU
		Debug R23|Any CPU = Debug R23|Any CPU
		Debug R24|Any CPU = Debug R24|Any CPU
		Debug|Any CPU = Debug|Any CPU
		Release R18|Any CPU = Release R18|Any CPU
		Release R19|Any CPU = Release R19|Any CPU
		Release R20|Any CPU = Release R20|Any CPU
		Release R21|Any CPU = Release R21|Any CPU
		Release R22|Any CPU = Release R22|Any CPU
		Release R23|Any CPU = Release R23|Any CPU
		Release R24|Any CPU = Release R24|Any CPU
		Release|Any CPU = Release|Any CPU
	EndGlobalSection
	GlobalSection(ProjectConfigurationPlatforms) = postSolution
		{A3BEB9F9-6763-4BE5-9820-02036AD67D75}.Debug R19|Any CPU.ActiveCfg = Debug|Any CPU
		{A3BEB9F9-6763-4BE5-9820-02036AD67D75}.Debug R19|Any CPU.Build.0 = Debug|Any CPU
		{A3BEB9F9-6763-4BE5-9820-02036AD67D75}.Debug R20|Any CPU.ActiveCfg = Debug|Any CPU
		{A3BEB9F9-6763-4BE5-9820-02036AD67D75}.Debug R20|Any CPU.Build.0 = Debug|Any CPU
		{A3BEB9F9-6763-4BE5-9820-02036AD67D75}.Debug R21|Any CPU.ActiveCfg = Debug|Any CPU
		{A3BEB9F9-6763-4BE5-9820-02036AD67D75}.Debug R21|Any CPU.Build.0 = Debug|Any CPU
		{A3BEB9F9-6763-4BE5-9820-02036AD67D75}.Debug R22|Any CPU.ActiveCfg = Debug|Any CPU
		{A3BEB9F9-6763-4BE5-9820-02036AD67D75}.Debug R22|Any CPU.Build.0 = Debug|Any CPU
		{A3BEB9F9-6763-4BE5-9820-02036AD67D75}.Debug R23|Any CPU.ActiveCfg = Debug|Any CPU
		{A3BEB9F9-6763-4BE5-9820-02036AD67D75}.Debug R23|Any CPU.Build.0 = Debug|Any CPU
		{A3BEB9F9-6763-4BE5-9820-02036AD67D75}.Debug R24|Any CPU.ActiveCfg = Debug|Any CPU
		{A3BEB9F9-6763-4BE5-9820-02036AD67D75}.Debug R24|Any CPU.Build.0 = Debug|Any CPU
		{A3BEB9F9-6763-4BE5-9820-02036AD67D75}.Debug|Any CPU.ActiveCfg = Debug|Any CPU
		{A3BEB9F9-6763-4BE5-9820-02036AD67D75}.Debug|Any CPU.Build.0 = Debug|Any CPU
		{A3BEB9F9-6763-4BE5-9820-02036AD67D75}.Release R18|Any CPU.ActiveCfg = Release|Any CPU
		{A3BEB9F9-6763-4BE5-9820-02036AD67D75}.Release R18|Any CPU.Build.0 = Release|Any CPU
		{A3BEB9F9-6763-4BE5-9820-02036AD67D75}.Release R19|Any CPU.ActiveCfg = Release|Any CPU
		{A3BEB9F9-6763-4BE5-9820-02036AD67D75}.Release R19|Any CPU.Build.0 = Release|Any CPU
		{A3BEB9F9-6763-4BE5-9820-02036AD67D75}.Release R20|Any CPU.ActiveCfg = Release|Any CPU
		{A3BEB9F9-6763-4BE5-9820-02036AD67D75}.Release R20|Any CPU.Build.0 = Release|Any CPU
		{A3BEB9F9-6763-4BE5-9820-02036AD67D75}.Release R21|Any CPU.ActiveCfg = Release|Any CPU
		{A3BEB9F9-6763-4BE5-9820-02036AD67D75}.Release R21|Any CPU.Build.0 = Release|Any CPU
		{A3BEB9F9-6763-4BE5-9820-02036AD67D75}.Release R22|Any CPU.ActiveCfg = Release|Any CPU
		{A3BEB9F9-6763-4BE5-9820-02036AD67D75}.Release R22|Any CPU.Build.0 = Release|Any CPU
		{A3BEB9F9-6763-4BE5-9820-02036AD67D75}.Release R23|Any CPU.ActiveCfg = Release|Any CPU
		{A3BEB9F9-6763-4BE5-9820-02036AD67D75}.Release R23|Any CPU.Build.0 = Release|Any CPU
		{A3BEB9F9-6763-4BE5-9820-02036AD67D75}.Release R24|Any CPU.ActiveCfg = Release|Any CPU
		{A3BEB9F9-6763-4BE5-9820-02036AD67D75}.Release R24|Any CPU.Build.0 = Release|Any CPU
		{A3BEB9F9-6763-4BE5-9820-02036AD67D75}.Release|Any CPU.ActiveCfg = Release|Any CPU
		{A3BEB9F9-6763-4BE5-9820-02036AD67D75}.Release|Any CPU.Build.0 = Release|Any CPU
		{E1F0CBDC-FEE4-464A-B8E6-211EAF90AF93}.Debug R19|Any CPU.ActiveCfg = Debug|Any CPU
		{E1F0CBDC-FEE4-464A-B8E6-211EAF90AF93}.Debug R19|Any CPU.Build.0 = Debug|Any CPU
		{E1F0CBDC-FEE4-464A-B8E6-211EAF90AF93}.Debug R20|Any CPU.ActiveCfg = Debug|Any CPU
		{E1F0CBDC-FEE4-464A-B8E6-211EAF90AF93}.Debug R20|Any CPU.Build.0 = Debug|Any CPU
		{E1F0CBDC-FEE4-464A-B8E6-211EAF90AF93}.Debug R21|Any CPU.ActiveCfg = Debug|Any CPU
		{E1F0CBDC-FEE4-464A-B8E6-211EAF90AF93}.Debug R21|Any CPU.Build.0 = Debug|Any CPU
		{E1F0CBDC-FEE4-464A-B8E6-211EAF90AF93}.Debug R22|Any CPU.ActiveCfg = Debug|Any CPU
		{E1F0CBDC-FEE4-464A-B8E6-211EAF90AF93}.Debug R22|Any CPU.Build.0 = Debug|Any CPU
		{E1F0CBDC-FEE4-464A-B8E6-211EAF90AF93}.Debug R23|Any CPU.ActiveCfg = Debug|Any CPU
		{E1F0CBDC-FEE4-464A-B8E6-211EAF90AF93}.Debug R23|Any CPU.Build.0 = Debug|Any CPU
		{E1F0CBDC-FEE4-464A-B8E6-211EAF90AF93}.Debug R24|Any CPU.ActiveCfg = Debug|Any CPU
		{E1F0CBDC-FEE4-464A-B8E6-211EAF90AF93}.Debug R24|Any CPU.Build.0 = Debug|Any CPU
		{E1F0CBDC-FEE4-464A-B8E6-211EAF90AF93}.Debug|Any CPU.ActiveCfg = Debug|Any CPU
		{E1F0CBDC-FEE4-464A-B8E6-211EAF90AF93}.Debug|Any CPU.Build.0 = Debug|Any CPU
		{E1F0CBDC-FEE4-464A-B8E6-211EAF90AF93}.Release R18|Any CPU.ActiveCfg = Release|Any CPU
		{E1F0CBDC-FEE4-464A-B8E6-211EAF90AF93}.Release R19|Any CPU.ActiveCfg = Release|Any CPU
		{E1F0CBDC-FEE4-464A-B8E6-211EAF90AF93}.Release R19|Any CPU.Build.0 = Release|Any CPU
		{E1F0CBDC-FEE4-464A-B8E6-211EAF90AF93}.Release R20|Any CPU.ActiveCfg = Release|Any CPU
		{E1F0CBDC-FEE4-464A-B8E6-211EAF90AF93}.Release R20|Any CPU.Build.0 = Release|Any CPU
		{E1F0CBDC-FEE4-464A-B8E6-211EAF90AF93}.Release R21|Any CPU.ActiveCfg = Release|Any CPU
		{E1F0CBDC-FEE4-464A-B8E6-211EAF90AF93}.Release R21|Any CPU.Build.0 = Release|Any CPU
		{E1F0CBDC-FEE4-464A-B8E6-211EAF90AF93}.Release R22|Any CPU.ActiveCfg = Release|Any CPU
		{E1F0CBDC-FEE4-464A-B8E6-211EAF90AF93}.Release R22|Any CPU.Build.0 = Release|Any CPU
		{E1F0CBDC-FEE4-464A-B8E6-211EAF90AF93}.Release R23|Any CPU.ActiveCfg = Release|Any CPU
		{E1F0CBDC-FEE4-464A-B8E6-211EAF90AF93}.Release R23|Any CPU.Build.0 = Release|Any CPU
		{E1F0CBDC-FEE4-464A-B8E6-211EAF90AF93}.Release R24|Any CPU.ActiveCfg = Release|Any CPU
		{E1F0CBDC-FEE4-464A-B8E6-211EAF90AF93}.Release R24|Any CPU.Build.0 = Release|Any CPU
		{E1F0CBDC-FEE4-464A-B8E6-211EAF90AF93}.Release|Any CPU.ActiveCfg = Release|Any CPU
		{E1F0CBDC-FEE4-464A-B8E6-211EAF90AF93}.Release|Any CPU.Build.0 = Release|Any CPU
		{0B6510FD-0BB2-49EE-9B51-7096F06D42C8}.Debug R19|Any CPU.ActiveCfg = Debug|Any CPU
		{0B6510FD-0BB2-49EE-9B51-7096F06D42C8}.Debug R19|Any CPU.Build.0 = Debug|Any CPU
		{0B6510FD-0BB2-49EE-9B51-7096F06D42C8}.Debug R20|Any CPU.ActiveCfg = Debug|Any CPU
		{0B6510FD-0BB2-49EE-9B51-7096F06D42C8}.Debug R20|Any CPU.Build.0 = Debug|Any CPU
		{0B6510FD-0BB2-49EE-9B51-7096F06D42C8}.Debug R21|Any CPU.ActiveCfg = Debug|Any CPU
		{0B6510FD-0BB2-49EE-9B51-7096F06D42C8}.Debug R21|Any CPU.Build.0 = Debug|Any CPU
		{0B6510FD-0BB2-49EE-9B51-7096F06D42C8}.Debug R22|Any CPU.ActiveCfg = Debug|Any CPU
		{0B6510FD-0BB2-49EE-9B51-7096F06D42C8}.Debug R22|Any CPU.Build.0 = Debug|Any CPU
		{0B6510FD-0BB2-49EE-9B51-7096F06D42C8}.Debug R23|Any CPU.ActiveCfg = Debug|Any CPU
		{0B6510FD-0BB2-49EE-9B51-7096F06D42C8}.Debug R23|Any CPU.Build.0 = Debug|Any CPU
		{0B6510FD-0BB2-49EE-9B51-7096F06D42C8}.Debug R24|Any CPU.ActiveCfg = Debug|Any CPU
		{0B6510FD-0BB2-49EE-9B51-7096F06D42C8}.Debug R24|Any CPU.Build.0 = Debug|Any CPU
		{0B6510FD-0BB2-49EE-9B51-7096F06D42C8}.Debug|Any CPU.ActiveCfg = Debug|Any CPU
		{0B6510FD-0BB2-49EE-9B51-7096F06D42C8}.Debug|Any CPU.Build.0 = Debug|Any CPU
		{0B6510FD-0BB2-49EE-9B51-7096F06D42C8}.Release R18|Any CPU.ActiveCfg = Release|Any CPU
		{0B6510FD-0BB2-49EE-9B51-7096F06D42C8}.Release R18|Any CPU.Build.0 = Release|Any CPU
		{0B6510FD-0BB2-49EE-9B51-7096F06D42C8}.Release R19|Any CPU.ActiveCfg = Release|Any CPU
		{0B6510FD-0BB2-49EE-9B51-7096F06D42C8}.Release R19|Any CPU.Build.0 = Release|Any CPU
		{0B6510FD-0BB2-49EE-9B51-7096F06D42C8}.Release R20|Any CPU.ActiveCfg = Release|Any CPU
		{0B6510FD-0BB2-49EE-9B51-7096F06D42C8}.Release R20|Any CPU.Build.0 = Release|Any CPU
		{0B6510FD-0BB2-49EE-9B51-7096F06D42C8}.Release R21|Any CPU.ActiveCfg = Release|Any CPU
		{0B6510FD-0BB2-49EE-9B51-7096F06D42C8}.Release R21|Any CPU.Build.0 = Release|Any CPU
		{0B6510FD-0BB2-49EE-9B51-7096F06D42C8}.Release R22|Any CPU.ActiveCfg = Release|Any CPU
		{0B6510FD-0BB2-49EE-9B51-7096F06D42C8}.Release R22|Any CPU.Build.0 = Release|Any CPU
		{0B6510FD-0BB2-49EE-9B51-7096F06D42C8}.Release R23|Any CPU.ActiveCfg = Release|Any CPU
		{0B6510FD-0BB2-49EE-9B51-7096F06D42C8}.Release R23|Any CPU.Build.0 = Release|Any CPU
		{0B6510FD-0BB2-49EE-9B51-7096F06D42C8}.Release R24|Any CPU.ActiveCfg = Release|Any CPU
		{0B6510FD-0BB2-49EE-9B51-7096F06D42C8}.Release R24|Any CPU.Build.0 = Release|Any CPU
		{0B6510FD-0BB2-49EE-9B51-7096F06D42C8}.Release|Any CPU.ActiveCfg = Release|Any CPU
		{0B6510FD-0BB2-49EE-9B51-7096F06D42C8}.Release|Any CPU.Build.0 = Release|Any CPU
		{14859909-279D-44C4-A81C-1DB1C170A9D2}.Debug R19|Any CPU.ActiveCfg = Debug R19|Any CPU
		{14859909-279D-44C4-A81C-1DB1C170A9D2}.Debug R19|Any CPU.Build.0 = Debug R19|Any CPU
		{14859909-279D-44C4-A81C-1DB1C170A9D2}.Debug R20|Any CPU.ActiveCfg = Debug R20|Any CPU
		{14859909-279D-44C4-A81C-1DB1C170A9D2}.Debug R20|Any CPU.Build.0 = Debug R20|Any CPU
		{14859909-279D-44C4-A81C-1DB1C170A9D2}.Debug R21|Any CPU.ActiveCfg = Debug R21|Any CPU
		{14859909-279D-44C4-A81C-1DB1C170A9D2}.Debug R21|Any CPU.Build.0 = Debug R21|Any CPU
		{14859909-279D-44C4-A81C-1DB1C170A9D2}.Debug R22|Any CPU.ActiveCfg = Debug R22|Any CPU
		{14859909-279D-44C4-A81C-1DB1C170A9D2}.Debug R22|Any CPU.Build.0 = Debug R22|Any CPU
		{14859909-279D-44C4-A81C-1DB1C170A9D2}.Debug R23|Any CPU.ActiveCfg = Debug R23|Any CPU
		{14859909-279D-44C4-A81C-1DB1C170A9D2}.Debug R23|Any CPU.Build.0 = Debug R23|Any CPU
		{14859909-279D-44C4-A81C-1DB1C170A9D2}.Debug R24|Any CPU.ActiveCfg = Debug R24|Any CPU
		{14859909-279D-44C4-A81C-1DB1C170A9D2}.Debug R24|Any CPU.Build.0 = Debug R24|Any CPU
		{14859909-279D-44C4-A81C-1DB1C170A9D2}.Debug|Any CPU.ActiveCfg = Debug R19|Any CPU
		{14859909-279D-44C4-A81C-1DB1C170A9D2}.Debug|Any CPU.Build.0 = Debug R19|Any CPU
		{14859909-279D-44C4-A81C-1DB1C170A9D2}.Release R18|Any CPU.ActiveCfg = Release R24|Any CPU
		{14859909-279D-44C4-A81C-1DB1C170A9D2}.Release R18|Any CPU.Build.0 = Release R24|Any CPU
		{14859909-279D-44C4-A81C-1DB1C170A9D2}.Release R19|Any CPU.ActiveCfg = Release R19|Any CPU
		{14859909-279D-44C4-A81C-1DB1C170A9D2}.Release R19|Any CPU.Build.0 = Release R19|Any CPU
		{14859909-279D-44C4-A81C-1DB1C170A9D2}.Release R20|Any CPU.ActiveCfg = Release R20|Any CPU
		{14859909-279D-44C4-A81C-1DB1C170A9D2}.Release R20|Any CPU.Build.0 = Release R20|Any CPU
		{14859909-279D-44C4-A81C-1DB1C170A9D2}.Release R21|Any CPU.ActiveCfg = Release R21|Any CPU
		{14859909-279D-44C4-A81C-1DB1C170A9D2}.Release R21|Any CPU.Build.0 = Release R21|Any CPU
		{14859909-279D-44C4-A81C-1DB1C170A9D2}.Release R22|Any CPU.ActiveCfg = Release R22|Any CPU
		{14859909-279D-44C4-A81C-1DB1C170A9D2}.Release R22|Any CPU.Build.0 = Release R22|Any CPU
		{14859909-279D-44C4-A81C-1DB1C170A9D2}.Release R23|Any CPU.ActiveCfg = Release R23|Any CPU
		{14859909-279D-44C4-A81C-1DB1C170A9D2}.Release R23|Any CPU.Build.0 = Release R23|Any CPU
		{14859909-279D-44C4-A81C-1DB1C170A9D2}.Release R24|Any CPU.ActiveCfg = Release R24|Any CPU
		{14859909-279D-44C4-A81C-1DB1C170A9D2}.Release R24|Any CPU.Build.0 = Release R24|Any CPU
		{14859909-279D-44C4-A81C-1DB1C170A9D2}.Release|Any CPU.ActiveCfg = Release R19|Any CPU
		{14859909-279D-44C4-A81C-1DB1C170A9D2}.Release|Any CPU.Build.0 = Release R19|Any CPU
		{9793765C-5C40-4A59-B0E6-4F2F72973795}.Debug R19|Any CPU.ActiveCfg = Debug|Any CPU
		{9793765C-5C40-4A59-B0E6-4F2F72973795}.Debug R19|Any CPU.Build.0 = Debug|Any CPU
		{9793765C-5C40-4A59-B0E6-4F2F72973795}.Debug R20|Any CPU.ActiveCfg = Debug|Any CPU
		{9793765C-5C40-4A59-B0E6-4F2F72973795}.Debug R20|Any CPU.Build.0 = Debug|Any CPU
		{9793765C-5C40-4A59-B0E6-4F2F72973795}.Debug R21|Any CPU.ActiveCfg = Debug|Any CPU
		{9793765C-5C40-4A59-B0E6-4F2F72973795}.Debug R21|Any CPU.Build.0 = Debug|Any CPU
		{9793765C-5C40-4A59-B0E6-4F2F72973795}.Debug R22|Any CPU.ActiveCfg = Debug|Any CPU
		{9793765C-5C40-4A59-B0E6-4F2F72973795}.Debug R22|Any CPU.Build.0 = Debug|Any CPU
		{9793765C-5C40-4A59-B0E6-4F2F72973795}.Debug R23|Any CPU.ActiveCfg = Debug|Any CPU
		{9793765C-5C40-4A59-B0E6-4F2F72973795}.Debug R23|Any CPU.Build.0 = Debug|Any CPU
		{9793765C-5C40-4A59-B0E6-4F2F72973795}.Debug R24|Any CPU.ActiveCfg = Debug|Any CPU
		{9793765C-5C40-4A59-B0E6-4F2F72973795}.Debug R24|Any CPU.Build.0 = Debug|Any CPU
		{9793765C-5C40-4A59-B0E6-4F2F72973795}.Debug|Any CPU.ActiveCfg = Debug|Any CPU
		{9793765C-5C40-4A59-B0E6-4F2F72973795}.Debug|Any CPU.Build.0 = Debug|Any CPU
		{9793765C-5C40-4A59-B0E6-4F2F72973795}.Release R18|Any CPU.ActiveCfg = Release|Any CPU
		{9793765C-5C40-4A59-B0E6-4F2F72973795}.Release R18|Any CPU.Build.0 = Release|Any CPU
		{9793765C-5C40-4A59-B0E6-4F2F72973795}.Release R19|Any CPU.ActiveCfg = Release|Any CPU
		{9793765C-5C40-4A59-B0E6-4F2F72973795}.Release R19|Any CPU.Build.0 = Release|Any CPU
		{9793765C-5C40-4A59-B0E6-4F2F72973795}.Release R20|Any CPU.ActiveCfg = Release|Any CPU
		{9793765C-5C40-4A59-B0E6-4F2F72973795}.Release R20|Any CPU.Build.0 = Release|Any CPU
		{9793765C-5C40-4A59-B0E6-4F2F72973795}.Release R21|Any CPU.ActiveCfg = Release|Any CPU
		{9793765C-5C40-4A59-B0E6-4F2F72973795}.Release R21|Any CPU.Build.0 = Release|Any CPU
		{9793765C-5C40-4A59-B0E6-4F2F72973795}.Release R22|Any CPU.ActiveCfg = Release|Any CPU
		{9793765C-5C40-4A59-B0E6-4F2F72973795}.Release R22|Any CPU.Build.0 = Release|Any CPU
		{9793765C-5C40-4A59-B0E6-4F2F72973795}.Release R23|Any CPU.ActiveCfg = Release|Any CPU
		{9793765C-5C40-4A59-B0E6-4F2F72973795}.Release R23|Any CPU.Build.0 = Release|Any CPU
		{9793765C-5C40-4A59-B0E6-4F2F72973795}.Release R24|Any CPU.ActiveCfg = Release|Any CPU
		{9793765C-5C40-4A59-B0E6-4F2F72973795}.Release R24|Any CPU.Build.0 = Release|Any CPU
		{9793765C-5C40-4A59-B0E6-4F2F72973795}.Release|Any CPU.ActiveCfg = Release|Any CPU
		{9793765C-5C40-4A59-B0E6-4F2F72973795}.Release|Any CPU.Build.0 = Release|Any CPU
		{B6738256-9924-45B1-BDC4-AED0D60BEC4F}.Debug R19|Any CPU.ActiveCfg = Debug R22|Any CPU
		{B6738256-9924-45B1-BDC4-AED0D60BEC4F}.Debug R19|Any CPU.Build.0 = Debug R22|Any CPU
		{B6738256-9924-45B1-BDC4-AED0D60BEC4F}.Debug R20|Any CPU.ActiveCfg = Debug R22|Any CPU
		{B6738256-9924-45B1-BDC4-AED0D60BEC4F}.Debug R20|Any CPU.Build.0 = Debug R22|Any CPU
		{B6738256-9924-45B1-BDC4-AED0D60BEC4F}.Debug R21|Any CPU.ActiveCfg = Debug R22|Any CPU
		{B6738256-9924-45B1-BDC4-AED0D60BEC4F}.Debug R21|Any CPU.Build.0 = Debug R22|Any CPU
		{B6738256-9924-45B1-BDC4-AED0D60BEC4F}.Debug R22|Any CPU.ActiveCfg = Debug R22|Any CPU
		{B6738256-9924-45B1-BDC4-AED0D60BEC4F}.Debug R22|Any CPU.Build.0 = Debug R22|Any CPU
		{B6738256-9924-45B1-BDC4-AED0D60BEC4F}.Debug R23|Any CPU.ActiveCfg = Debug R23|Any CPU
		{B6738256-9924-45B1-BDC4-AED0D60BEC4F}.Debug R23|Any CPU.Build.0 = Debug R23|Any CPU
		{B6738256-9924-45B1-BDC4-AED0D60BEC4F}.Debug R24|Any CPU.ActiveCfg = Debug R24|Any CPU
		{B6738256-9924-45B1-BDC4-AED0D60BEC4F}.Debug R24|Any CPU.Build.0 = Debug R24|Any CPU
		{B6738256-9924-45B1-BDC4-AED0D60BEC4F}.Debug|Any CPU.ActiveCfg = Debug R22|Any CPU
		{B6738256-9924-45B1-BDC4-AED0D60BEC4F}.Debug|Any CPU.Build.0 = Debug R22|Any CPU
		{B6738256-9924-45B1-BDC4-AED0D60BEC4F}.Release R18|Any CPU.ActiveCfg = Release R18|Any CPU
		{B6738256-9924-45B1-BDC4-AED0D60BEC4F}.Release R18|Any CPU.Build.0 = Release R18|Any CPU
		{B6738256-9924-45B1-BDC4-AED0D60BEC4F}.Release R19|Any CPU.ActiveCfg = Release R19|Any CPU
		{B6738256-9924-45B1-BDC4-AED0D60BEC4F}.Release R19|Any CPU.Build.0 = Release R19|Any CPU
		{B6738256-9924-45B1-BDC4-AED0D60BEC4F}.Release R20|Any CPU.ActiveCfg = Release R20|Any CPU
		{B6738256-9924-45B1-BDC4-AED0D60BEC4F}.Release R20|Any CPU.Build.0 = Release R20|Any CPU
		{B6738256-9924-45B1-BDC4-AED0D60BEC4F}.Release R21|Any CPU.ActiveCfg = Release R21|Any CPU
		{B6738256-9924-45B1-BDC4-AED0D60BEC4F}.Release R21|Any CPU.Build.0 = Release R21|Any CPU
		{B6738256-9924-45B1-BDC4-AED0D60BEC4F}.Release R22|Any CPU.ActiveCfg = Release R22|Any CPU
		{B6738256-9924-45B1-BDC4-AED0D60BEC4F}.Release R22|Any CPU.Build.0 = Release R22|Any CPU
		{B6738256-9924-45B1-BDC4-AED0D60BEC4F}.Release R23|Any CPU.ActiveCfg = Release R23|Any CPU
		{B6738256-9924-45B1-BDC4-AED0D60BEC4F}.Release R23|Any CPU.Build.0 = Release R23|Any CPU
		{B6738256-9924-45B1-BDC4-AED0D60BEC4F}.Release R24|Any CPU.ActiveCfg = Release R24|Any CPU
		{B6738256-9924-45B1-BDC4-AED0D60BEC4F}.Release R24|Any CPU.Build.0 = Release R24|Any CPU
		{B6738256-9924-45B1-BDC4-AED0D60BEC4F}.Release|Any CPU.ActiveCfg = Release R18|Any CPU
		{B6738256-9924-45B1-BDC4-AED0D60BEC4F}.Release|Any CPU.Build.0 = Release R18|Any CPU
	EndGlobalSection
	GlobalSection(SolutionProperties) = preSolution
		HideSolutionNode = FALSE
	EndGlobalSection
	GlobalSection(ExtensibilityGlobals) = postSolution
		SolutionGuid = {4D7905A9-03E8-4DE2-BFEF-4412E7A91FDC}
	EndGlobalSection
EndGlobal
