
Microsoft Visual Studio Solution File, Format Version 12.00
# Visual Studio Version 17
VisualStudioVersion = 17.4.33403.182
MinimumVisualStudioVersion = 10.0.40219.1
Project("{9A19103F-16F7-4668-BE54-9A1E7A4F7556}") = "Jowsy.DotNet.Interactive.Extensions", "Jowsy.DotNet.Interactive.Extensions\Jowsy.DotNet.Interactive.Extensions.csproj", "{0B6510FD-0BB2-49EE-9B51-7096F06D42C8}"
EndProject
Project("{9A19103F-16F7-4668-BE54-9A1E7A4F7556}") = "Jowsy.Revit.KernelAddin", "Jowsy.Revit.KernelAddin\Jowsy.Revit.KernelAddin.csproj", "{B6738256-9924-45B1-BDC4-AED0D60BEC4F}"
EndProject
Project("{9A19103F-16F7-4668-BE54-9A1E7A4F7556}") = "Jowsy.CSharp", "Jowsy.CSharp\Jowsy.CSharp.csproj", "{CEACAB04-63E5-4F93-9FA1-757EC53C76B2}"
EndProject
Project("{9A19103F-16F7-4668-BE54-9A1E7A4F7556}") = "Jowsy.CSharp.Tests", "Jowsy.CSharp.Tests\Jowsy.CSharp.Tests.csproj", "{05398182-1421-47F4-8505-27D50609BB98}"
EndProject
Project("{9A19103F-16F7-4668-BE54-9A1E7A4F7556}") = "Installer", "install\Installer.csproj", "{2DC1C144-ACEB-4F85-B08E-D134B3A127B6}"
EndProject
Global
	GlobalSection(SolutionConfigurationPlatforms) = preSolution
		Debug R19|Any CPU = Debug R19|Any CPU
		Debug R19|ARM64 = Debug R19|ARM64
		Debug R19|x64 = Debug R19|x64
		Debug R19|x86 = Debug R19|x86
		Debug R20|Any CPU = Debug R20|Any CPU
		Debug R20|ARM64 = Debug R20|ARM64
		Debug R20|x64 = Debug R20|x64
		Debug R20|x86 = Debug R20|x86
		Debug R21|Any CPU = Debug R21|Any CPU
		Debug R21|ARM64 = Debug R21|ARM64
		Debug R21|x64 = Debug R21|x64
		Debug R21|x86 = Debug R21|x86
		Debug R22|Any CPU = Debug R22|Any CPU
		Debug R22|ARM64 = Debug R22|ARM64
		Debug R22|x64 = Debug R22|x64
		Debug R22|x86 = Debug R22|x86
		Debug R23|Any CPU = Debug R23|Any CPU
		Debug R23|ARM64 = Debug R23|ARM64
		Debug R23|x64 = Debug R23|x64
		Debug R23|x86 = Debug R23|x86
		Debug R24|Any CPU = Debug R24|Any CPU
		Debug R24|ARM64 = Debug R24|ARM64
		Debug R24|x64 = Debug R24|x64
		Debug R24|x86 = Debug R24|x86
		Debug|Any CPU = Debug|Any CPU
		Debug|ARM64 = Debug|ARM64
		Debug|x64 = Debug|x64
		Debug|x86 = Debug|x86
		Release R18|Any CPU = Release R18|Any CPU
		Release R18|ARM64 = Release R18|ARM64
		Release R18|x64 = Release R18|x64
		Release R18|x86 = Release R18|x86
		Release R19|Any CPU = Release R19|Any CPU
		Release R19|ARM64 = Release R19|ARM64
		Release R19|x64 = Release R19|x64
		Release R19|x86 = Release R19|x86
		Release R20|Any CPU = Release R20|Any CPU
		Release R20|ARM64 = Release R20|ARM64
		Release R20|x64 = Release R20|x64
		Release R20|x86 = Release R20|x86
		Release R21|Any CPU = Release R21|Any CPU
		Release R21|ARM64 = Release R21|ARM64
		Release R21|x64 = Release R21|x64
		Release R21|x86 = Release R21|x86
		Release R22|Any CPU = Release R22|Any CPU
		Release R22|ARM64 = Release R22|ARM64
		Release R22|x64 = Release R22|x64
		Release R22|x86 = Release R22|x86
		Release R23|Any CPU = Release R23|Any CPU
		Release R23|ARM64 = Release R23|ARM64
		Release R23|x64 = Release R23|x64
		Release R23|x86 = Release R23|x86
		Release R24|Any CPU = Release R24|Any CPU
		Release R24|ARM64 = Release R24|ARM64
		Release R24|x64 = Release R24|x64
		Release R24|x86 = Release R24|x86
		Release|Any CPU = Release|Any CPU
		Release|ARM64 = Release|ARM64
		Release|x64 = Release|x64
		Release|x86 = Release|x86
	EndGlobalSection
	GlobalSection(ProjectConfigurationPlatforms) = postSolution
		{0B6510FD-0BB2-49EE-9B51-7096F06D42C8}.Debug R19|Any CPU.ActiveCfg = Debug|Any CPU
		{0B6510FD-0BB2-49EE-9B51-7096F06D42C8}.Debug R19|Any CPU.Build.0 = Debug|Any CPU
		{0B6510FD-0BB2-49EE-9B51-7096F06D42C8}.Debug R19|ARM64.ActiveCfg = Debug|Any CPU
		{0B6510FD-0BB2-49EE-9B51-7096F06D42C8}.Debug R19|ARM64.Build.0 = Debug|Any CPU
		{0B6510FD-0BB2-49EE-9B51-7096F06D42C8}.Debug R19|x64.ActiveCfg = Debug|Any CPU
		{0B6510FD-0BB2-49EE-9B51-7096F06D42C8}.Debug R19|x64.Build.0 = Debug|Any CPU
		{0B6510FD-0BB2-49EE-9B51-7096F06D42C8}.Debug R19|x86.ActiveCfg = Debug|Any CPU
		{0B6510FD-0BB2-49EE-9B51-7096F06D42C8}.Debug R19|x86.Build.0 = Debug|Any CPU
		{0B6510FD-0BB2-49EE-9B51-7096F06D42C8}.Debug R20|Any CPU.ActiveCfg = Debug|Any CPU
		{0B6510FD-0BB2-49EE-9B51-7096F06D42C8}.Debug R20|Any CPU.Build.0 = Debug|Any CPU
		{0B6510FD-0BB2-49EE-9B51-7096F06D42C8}.Debug R20|ARM64.ActiveCfg = Debug|Any CPU
		{0B6510FD-0BB2-49EE-9B51-7096F06D42C8}.Debug R20|ARM64.Build.0 = Debug|Any CPU
		{0B6510FD-0BB2-49EE-9B51-7096F06D42C8}.Debug R20|x64.ActiveCfg = Debug|Any CPU
		{0B6510FD-0BB2-49EE-9B51-7096F06D42C8}.Debug R20|x64.Build.0 = Debug|Any CPU
		{0B6510FD-0BB2-49EE-9B51-7096F06D42C8}.Debug R20|x86.ActiveCfg = Debug|Any CPU
		{0B6510FD-0BB2-49EE-9B51-7096F06D42C8}.Debug R20|x86.Build.0 = Debug|Any CPU
		{0B6510FD-0BB2-49EE-9B51-7096F06D42C8}.Debug R21|Any CPU.ActiveCfg = Debug|Any CPU
		{0B6510FD-0BB2-49EE-9B51-7096F06D42C8}.Debug R21|Any CPU.Build.0 = Debug|Any CPU
		{0B6510FD-0BB2-49EE-9B51-7096F06D42C8}.Debug R21|ARM64.ActiveCfg = Debug|Any CPU
		{0B6510FD-0BB2-49EE-9B51-7096F06D42C8}.Debug R21|ARM64.Build.0 = Debug|Any CPU
		{0B6510FD-0BB2-49EE-9B51-7096F06D42C8}.Debug R21|x64.ActiveCfg = Debug|Any CPU
		{0B6510FD-0BB2-49EE-9B51-7096F06D42C8}.Debug R21|x64.Build.0 = Debug|Any CPU
		{0B6510FD-0BB2-49EE-9B51-7096F06D42C8}.Debug R21|x86.ActiveCfg = Debug|Any CPU
		{0B6510FD-0BB2-49EE-9B51-7096F06D42C8}.Debug R21|x86.Build.0 = Debug|Any CPU
		{0B6510FD-0BB2-49EE-9B51-7096F06D42C8}.Debug R22|Any CPU.ActiveCfg = Debug|Any CPU
		{0B6510FD-0BB2-49EE-9B51-7096F06D42C8}.Debug R22|Any CPU.Build.0 = Debug|Any CPU
		{0B6510FD-0BB2-49EE-9B51-7096F06D42C8}.Debug R22|ARM64.ActiveCfg = Debug|Any CPU
		{0B6510FD-0BB2-49EE-9B51-7096F06D42C8}.Debug R22|ARM64.Build.0 = Debug|Any CPU
		{0B6510FD-0BB2-49EE-9B51-7096F06D42C8}.Debug R22|x64.ActiveCfg = Debug|Any CPU
		{0B6510FD-0BB2-49EE-9B51-7096F06D42C8}.Debug R22|x64.Build.0 = Debug|Any CPU
		{0B6510FD-0BB2-49EE-9B51-7096F06D42C8}.Debug R22|x86.ActiveCfg = Debug|Any CPU
		{0B6510FD-0BB2-49EE-9B51-7096F06D42C8}.Debug R22|x86.Build.0 = Debug|Any CPU
		{0B6510FD-0BB2-49EE-9B51-7096F06D42C8}.Debug R23|Any CPU.ActiveCfg = Debug|Any CPU
		{0B6510FD-0BB2-49EE-9B51-7096F06D42C8}.Debug R23|Any CPU.Build.0 = Debug|Any CPU
		{0B6510FD-0BB2-49EE-9B51-7096F06D42C8}.Debug R23|ARM64.ActiveCfg = Debug|Any CPU
		{0B6510FD-0BB2-49EE-9B51-7096F06D42C8}.Debug R23|ARM64.Build.0 = Debug|Any CPU
		{0B6510FD-0BB2-49EE-9B51-7096F06D42C8}.Debug R23|x64.ActiveCfg = Debug|Any CPU
		{0B6510FD-0BB2-49EE-9B51-7096F06D42C8}.Debug R23|x64.Build.0 = Debug|Any CPU
		{0B6510FD-0BB2-49EE-9B51-7096F06D42C8}.Debug R23|x86.ActiveCfg = Debug|Any CPU
		{0B6510FD-0BB2-49EE-9B51-7096F06D42C8}.Debug R23|x86.Build.0 = Debug|Any CPU
		{0B6510FD-0BB2-49EE-9B51-7096F06D42C8}.Debug R24|Any CPU.ActiveCfg = Debug|Any CPU
		{0B6510FD-0BB2-49EE-9B51-7096F06D42C8}.Debug R24|Any CPU.Build.0 = Debug|Any CPU
		{0B6510FD-0BB2-49EE-9B51-7096F06D42C8}.Debug R24|ARM64.ActiveCfg = Debug|Any CPU
		{0B6510FD-0BB2-49EE-9B51-7096F06D42C8}.Debug R24|ARM64.Build.0 = Debug|Any CPU
		{0B6510FD-0BB2-49EE-9B51-7096F06D42C8}.Debug R24|x64.ActiveCfg = Debug|Any CPU
		{0B6510FD-0BB2-49EE-9B51-7096F06D42C8}.Debug R24|x64.Build.0 = Debug|Any CPU
		{0B6510FD-0BB2-49EE-9B51-7096F06D42C8}.Debug R24|x86.ActiveCfg = Debug|Any CPU
		{0B6510FD-0BB2-49EE-9B51-7096F06D42C8}.Debug R24|x86.Build.0 = Debug|Any CPU
		{0B6510FD-0BB2-49EE-9B51-7096F06D42C8}.Debug|Any CPU.ActiveCfg = Debug|Any CPU
		{0B6510FD-0BB2-49EE-9B51-7096F06D42C8}.Debug|Any CPU.Build.0 = Debug|Any CPU
		{0B6510FD-0BB2-49EE-9B51-7096F06D42C8}.Debug|ARM64.ActiveCfg = Debug|Any CPU
		{0B6510FD-0BB2-49EE-9B51-7096F06D42C8}.Debug|ARM64.Build.0 = Debug|Any CPU
		{0B6510FD-0BB2-49EE-9B51-7096F06D42C8}.Debug|x64.ActiveCfg = Debug|Any CPU
		{0B6510FD-0BB2-49EE-9B51-7096F06D42C8}.Debug|x64.Build.0 = Debug|Any CPU
		{0B6510FD-0BB2-49EE-9B51-7096F06D42C8}.Debug|x86.ActiveCfg = Debug|Any CPU
		{0B6510FD-0BB2-49EE-9B51-7096F06D42C8}.Debug|x86.Build.0 = Debug|Any CPU
		{0B6510FD-0BB2-49EE-9B51-7096F06D42C8}.Release R18|Any CPU.ActiveCfg = Release|Any CPU
		{0B6510FD-0BB2-49EE-9B51-7096F06D42C8}.Release R18|Any CPU.Build.0 = Release|Any CPU
		{0B6510FD-0BB2-49EE-9B51-7096F06D42C8}.Release R18|ARM64.ActiveCfg = Release|Any CPU
		{0B6510FD-0BB2-49EE-9B51-7096F06D42C8}.Release R18|ARM64.Build.0 = Release|Any CPU
		{0B6510FD-0BB2-49EE-9B51-7096F06D42C8}.Release R18|x64.ActiveCfg = Release|Any CPU
		{0B6510FD-0BB2-49EE-9B51-7096F06D42C8}.Release R18|x64.Build.0 = Release|Any CPU
		{0B6510FD-0BB2-49EE-9B51-7096F06D42C8}.Release R18|x86.ActiveCfg = Release|Any CPU
		{0B6510FD-0BB2-49EE-9B51-7096F06D42C8}.Release R18|x86.Build.0 = Release|Any CPU
		{0B6510FD-0BB2-49EE-9B51-7096F06D42C8}.Release R19|Any CPU.ActiveCfg = Release|Any CPU
		{0B6510FD-0BB2-49EE-9B51-7096F06D42C8}.Release R19|Any CPU.Build.0 = Release|Any CPU
		{0B6510FD-0BB2-49EE-9B51-7096F06D42C8}.Release R19|ARM64.ActiveCfg = Release|Any CPU
		{0B6510FD-0BB2-49EE-9B51-7096F06D42C8}.Release R19|ARM64.Build.0 = Release|Any CPU
		{0B6510FD-0BB2-49EE-9B51-7096F06D42C8}.Release R19|x64.ActiveCfg = Release|Any CPU
		{0B6510FD-0BB2-49EE-9B51-7096F06D42C8}.Release R19|x64.Build.0 = Release|Any CPU
		{0B6510FD-0BB2-49EE-9B51-7096F06D42C8}.Release R19|x86.ActiveCfg = Release|Any CPU
		{0B6510FD-0BB2-49EE-9B51-7096F06D42C8}.Release R19|x86.Build.0 = Release|Any CPU
		{0B6510FD-0BB2-49EE-9B51-7096F06D42C8}.Release R20|Any CPU.ActiveCfg = Release|Any CPU
		{0B6510FD-0BB2-49EE-9B51-7096F06D42C8}.Release R20|Any CPU.Build.0 = Release|Any CPU
		{0B6510FD-0BB2-49EE-9B51-7096F06D42C8}.Release R20|ARM64.ActiveCfg = Release|Any CPU
		{0B6510FD-0BB2-49EE-9B51-7096F06D42C8}.Release R20|ARM64.Build.0 = Release|Any CPU
		{0B6510FD-0BB2-49EE-9B51-7096F06D42C8}.Release R20|x64.ActiveCfg = Release|Any CPU
		{0B6510FD-0BB2-49EE-9B51-7096F06D42C8}.Release R20|x64.Build.0 = Release|Any CPU
		{0B6510FD-0BB2-49EE-9B51-7096F06D42C8}.Release R20|x86.ActiveCfg = Release|Any CPU
		{0B6510FD-0BB2-49EE-9B51-7096F06D42C8}.Release R20|x86.Build.0 = Release|Any CPU
		{0B6510FD-0BB2-49EE-9B51-7096F06D42C8}.Release R21|Any CPU.ActiveCfg = Release|Any CPU
		{0B6510FD-0BB2-49EE-9B51-7096F06D42C8}.Release R21|Any CPU.Build.0 = Release|Any CPU
		{0B6510FD-0BB2-49EE-9B51-7096F06D42C8}.Release R21|ARM64.ActiveCfg = Release|Any CPU
		{0B6510FD-0BB2-49EE-9B51-7096F06D42C8}.Release R21|ARM64.Build.0 = Release|Any CPU
		{0B6510FD-0BB2-49EE-9B51-7096F06D42C8}.Release R21|x64.ActiveCfg = Release|Any CPU
		{0B6510FD-0BB2-49EE-9B51-7096F06D42C8}.Release R21|x64.Build.0 = Release|Any CPU
		{0B6510FD-0BB2-49EE-9B51-7096F06D42C8}.Release R21|x86.ActiveCfg = Release|Any CPU
		{0B6510FD-0BB2-49EE-9B51-7096F06D42C8}.Release R21|x86.Build.0 = Release|Any CPU
		{0B6510FD-0BB2-49EE-9B51-7096F06D42C8}.Release R22|Any CPU.ActiveCfg = Release|Any CPU
		{0B6510FD-0BB2-49EE-9B51-7096F06D42C8}.Release R22|Any CPU.Build.0 = Release|Any CPU
		{0B6510FD-0BB2-49EE-9B51-7096F06D42C8}.Release R22|ARM64.ActiveCfg = Release|Any CPU
		{0B6510FD-0BB2-49EE-9B51-7096F06D42C8}.Release R22|ARM64.Build.0 = Release|Any CPU
		{0B6510FD-0BB2-49EE-9B51-7096F06D42C8}.Release R22|x64.ActiveCfg = Release|Any CPU
		{0B6510FD-0BB2-49EE-9B51-7096F06D42C8}.Release R22|x64.Build.0 = Release|Any CPU
		{0B6510FD-0BB2-49EE-9B51-7096F06D42C8}.Release R22|x86.ActiveCfg = Release|Any CPU
		{0B6510FD-0BB2-49EE-9B51-7096F06D42C8}.Release R22|x86.Build.0 = Release|Any CPU
		{0B6510FD-0BB2-49EE-9B51-7096F06D42C8}.Release R23|Any CPU.ActiveCfg = Release|Any CPU
		{0B6510FD-0BB2-49EE-9B51-7096F06D42C8}.Release R23|Any CPU.Build.0 = Release|Any CPU
		{0B6510FD-0BB2-49EE-9B51-7096F06D42C8}.Release R23|ARM64.ActiveCfg = Release|Any CPU
		{0B6510FD-0BB2-49EE-9B51-7096F06D42C8}.Release R23|ARM64.Build.0 = Release|Any CPU
		{0B6510FD-0BB2-49EE-9B51-7096F06D42C8}.Release R23|x64.ActiveCfg = Release|Any CPU
		{0B6510FD-0BB2-49EE-9B51-7096F06D42C8}.Release R23|x64.Build.0 = Release|Any CPU
		{0B6510FD-0BB2-49EE-9B51-7096F06D42C8}.Release R23|x86.ActiveCfg = Release|Any CPU
		{0B6510FD-0BB2-49EE-9B51-7096F06D42C8}.Release R23|x86.Build.0 = Release|Any CPU
		{0B6510FD-0BB2-49EE-9B51-7096F06D42C8}.Release R24|Any CPU.ActiveCfg = Release|Any CPU
		{0B6510FD-0BB2-49EE-9B51-7096F06D42C8}.Release R24|Any CPU.Build.0 = Release|Any CPU
		{0B6510FD-0BB2-49EE-9B51-7096F06D42C8}.Release R24|ARM64.ActiveCfg = Release|Any CPU
		{0B6510FD-0BB2-49EE-9B51-7096F06D42C8}.Release R24|ARM64.Build.0 = Release|Any CPU
		{0B6510FD-0BB2-49EE-9B51-7096F06D42C8}.Release R24|x64.ActiveCfg = Release|Any CPU
		{0B6510FD-0BB2-49EE-9B51-7096F06D42C8}.Release R24|x64.Build.0 = Release|Any CPU
		{0B6510FD-0BB2-49EE-9B51-7096F06D42C8}.Release R24|x86.ActiveCfg = Release|Any CPU
		{0B6510FD-0BB2-49EE-9B51-7096F06D42C8}.Release R24|x86.Build.0 = Release|Any CPU
		{0B6510FD-0BB2-49EE-9B51-7096F06D42C8}.Release|Any CPU.ActiveCfg = Release|Any CPU
		{0B6510FD-0BB2-49EE-9B51-7096F06D42C8}.Release|Any CPU.Build.0 = Release|Any CPU
		{0B6510FD-0BB2-49EE-9B51-7096F06D42C8}.Release|ARM64.ActiveCfg = Release|Any CPU
		{0B6510FD-0BB2-49EE-9B51-7096F06D42C8}.Release|ARM64.Build.0 = Release|Any CPU
		{0B6510FD-0BB2-49EE-9B51-7096F06D42C8}.Release|x64.ActiveCfg = Release|Any CPU
		{0B6510FD-0BB2-49EE-9B51-7096F06D42C8}.Release|x64.Build.0 = Release|Any CPU
		{0B6510FD-0BB2-49EE-9B51-7096F06D42C8}.Release|x86.ActiveCfg = Release|Any CPU
		{0B6510FD-0BB2-49EE-9B51-7096F06D42C8}.Release|x86.Build.0 = Release|Any CPU
		{B6738256-9924-45B1-BDC4-AED0D60BEC4F}.Debug R19|Any CPU.ActiveCfg = Debug R22|Any CPU
		{B6738256-9924-45B1-BDC4-AED0D60BEC4F}.Debug R19|Any CPU.Build.0 = Debug R22|Any CPU
		{B6738256-9924-45B1-BDC4-AED0D60BEC4F}.Debug R19|ARM64.ActiveCfg = Debug R24|Any CPU
		{B6738256-9924-45B1-BDC4-AED0D60BEC4F}.Debug R19|ARM64.Build.0 = Debug R24|Any CPU
		{B6738256-9924-45B1-BDC4-AED0D60BEC4F}.Debug R19|x64.ActiveCfg = Debug R24|Any CPU
		{B6738256-9924-45B1-BDC4-AED0D60BEC4F}.Debug R19|x64.Build.0 = Debug R24|Any CPU
		{B6738256-9924-45B1-BDC4-AED0D60BEC4F}.Debug R19|x86.ActiveCfg = Debug R24|Any CPU
		{B6738256-9924-45B1-BDC4-AED0D60BEC4F}.Debug R19|x86.Build.0 = Debug R24|Any CPU
		{B6738256-9924-45B1-BDC4-AED0D60BEC4F}.Debug R20|Any CPU.ActiveCfg = Debug R22|Any CPU
		{B6738256-9924-45B1-BDC4-AED0D60BEC4F}.Debug R20|Any CPU.Build.0 = Debug R22|Any CPU
		{B6738256-9924-45B1-BDC4-AED0D60BEC4F}.Debug R20|ARM64.ActiveCfg = Debug R24|Any CPU
		{B6738256-9924-45B1-BDC4-AED0D60BEC4F}.Debug R20|ARM64.Build.0 = Debug R24|Any CPU
		{B6738256-9924-45B1-BDC4-AED0D60BEC4F}.Debug R20|x64.ActiveCfg = Debug R24|Any CPU
		{B6738256-9924-45B1-BDC4-AED0D60BEC4F}.Debug R20|x64.Build.0 = Debug R24|Any CPU
		{B6738256-9924-45B1-BDC4-AED0D60BEC4F}.Debug R20|x86.ActiveCfg = Debug R24|Any CPU
		{B6738256-9924-45B1-BDC4-AED0D60BEC4F}.Debug R20|x86.Build.0 = Debug R24|Any CPU
		{B6738256-9924-45B1-BDC4-AED0D60BEC4F}.Debug R21|Any CPU.ActiveCfg = Debug R22|Any CPU
		{B6738256-9924-45B1-BDC4-AED0D60BEC4F}.Debug R21|Any CPU.Build.0 = Debug R22|Any CPU
		{B6738256-9924-45B1-BDC4-AED0D60BEC4F}.Debug R21|ARM64.ActiveCfg = Debug R24|Any CPU
		{B6738256-9924-45B1-BDC4-AED0D60BEC4F}.Debug R21|ARM64.Build.0 = Debug R24|Any CPU
		{B6738256-9924-45B1-BDC4-AED0D60BEC4F}.Debug R21|x64.ActiveCfg = Debug R24|Any CPU
		{B6738256-9924-45B1-BDC4-AED0D60BEC4F}.Debug R21|x64.Build.0 = Debug R24|Any CPU
		{B6738256-9924-45B1-BDC4-AED0D60BEC4F}.Debug R21|x86.ActiveCfg = Debug R24|Any CPU
		{B6738256-9924-45B1-BDC4-AED0D60BEC4F}.Debug R21|x86.Build.0 = Debug R24|Any CPU
		{B6738256-9924-45B1-BDC4-AED0D60BEC4F}.Debug R22|Any CPU.ActiveCfg = Debug R22|Any CPU
		{B6738256-9924-45B1-BDC4-AED0D60BEC4F}.Debug R22|Any CPU.Build.0 = Debug R22|Any CPU
		{B6738256-9924-45B1-BDC4-AED0D60BEC4F}.Debug R22|ARM64.ActiveCfg = Debug R22|Any CPU
		{B6738256-9924-45B1-BDC4-AED0D60BEC4F}.Debug R22|ARM64.Build.0 = Debug R22|Any CPU
		{B6738256-9924-45B1-BDC4-AED0D60BEC4F}.Debug R22|x64.ActiveCfg = Debug R22|Any CPU
		{B6738256-9924-45B1-BDC4-AED0D60BEC4F}.Debug R22|x64.Build.0 = Debug R22|Any CPU
		{B6738256-9924-45B1-BDC4-AED0D60BEC4F}.Debug R22|x86.ActiveCfg = Debug R22|Any CPU
		{B6738256-9924-45B1-BDC4-AED0D60BEC4F}.Debug R22|x86.Build.0 = Debug R22|Any CPU
		{B6738256-9924-45B1-BDC4-AED0D60BEC4F}.Debug R23|Any CPU.ActiveCfg = Debug R23|Any CPU
		{B6738256-9924-45B1-BDC4-AED0D60BEC4F}.Debug R23|Any CPU.Build.0 = Debug R23|Any CPU
		{B6738256-9924-45B1-BDC4-AED0D60BEC4F}.Debug R23|ARM64.ActiveCfg = Debug R23|Any CPU
		{B6738256-9924-45B1-BDC4-AED0D60BEC4F}.Debug R23|ARM64.Build.0 = Debug R23|Any CPU
		{B6738256-9924-45B1-BDC4-AED0D60BEC4F}.Debug R23|x64.ActiveCfg = Debug R23|Any CPU
		{B6738256-9924-45B1-BDC4-AED0D60BEC4F}.Debug R23|x64.Build.0 = Debug R23|Any CPU
		{B6738256-9924-45B1-BDC4-AED0D60BEC4F}.Debug R23|x86.ActiveCfg = Debug R23|Any CPU
		{B6738256-9924-45B1-BDC4-AED0D60BEC4F}.Debug R23|x86.Build.0 = Debug R23|Any CPU
		{B6738256-9924-45B1-BDC4-AED0D60BEC4F}.Debug R24|Any CPU.ActiveCfg = Debug R24|Any CPU
		{B6738256-9924-45B1-BDC4-AED0D60BEC4F}.Debug R24|Any CPU.Build.0 = Debug R24|Any CPU
		{B6738256-9924-45B1-BDC4-AED0D60BEC4F}.Debug R24|ARM64.ActiveCfg = Debug R24|Any CPU
		{B6738256-9924-45B1-BDC4-AED0D60BEC4F}.Debug R24|ARM64.Build.0 = Debug R24|Any CPU
		{B6738256-9924-45B1-BDC4-AED0D60BEC4F}.Debug R24|x64.ActiveCfg = Debug R24|Any CPU
		{B6738256-9924-45B1-BDC4-AED0D60BEC4F}.Debug R24|x64.Build.0 = Debug R24|Any CPU
		{B6738256-9924-45B1-BDC4-AED0D60BEC4F}.Debug R24|x86.ActiveCfg = Debug R24|Any CPU
		{B6738256-9924-45B1-BDC4-AED0D60BEC4F}.Debug R24|x86.Build.0 = Debug R24|Any CPU
		{B6738256-9924-45B1-BDC4-AED0D60BEC4F}.Debug|Any CPU.ActiveCfg = Debug R22|Any CPU
		{B6738256-9924-45B1-BDC4-AED0D60BEC4F}.Debug|Any CPU.Build.0 = Debug R22|Any CPU
		{B6738256-9924-45B1-BDC4-AED0D60BEC4F}.Debug|ARM64.ActiveCfg = Debug R24|Any CPU
		{B6738256-9924-45B1-BDC4-AED0D60BEC4F}.Debug|ARM64.Build.0 = Debug R24|Any CPU
		{B6738256-9924-45B1-BDC4-AED0D60BEC4F}.Debug|x64.ActiveCfg = Debug R24|Any CPU
		{B6738256-9924-45B1-BDC4-AED0D60BEC4F}.Debug|x64.Build.0 = Debug R24|Any CPU
		{B6738256-9924-45B1-BDC4-AED0D60BEC4F}.Debug|x86.ActiveCfg = Debug R24|Any CPU
		{B6738256-9924-45B1-BDC4-AED0D60BEC4F}.Debug|x86.Build.0 = Debug R24|Any CPU
		{B6738256-9924-45B1-BDC4-AED0D60BEC4F}.Release R18|Any CPU.ActiveCfg = Release R18|Any CPU
		{B6738256-9924-45B1-BDC4-AED0D60BEC4F}.Release R18|Any CPU.Build.0 = Release R18|Any CPU
		{B6738256-9924-45B1-BDC4-AED0D60BEC4F}.Release R18|ARM64.ActiveCfg = Release R18|Any CPU
		{B6738256-9924-45B1-BDC4-AED0D60BEC4F}.Release R18|ARM64.Build.0 = Release R18|Any CPU
		{B6738256-9924-45B1-BDC4-AED0D60BEC4F}.Release R18|x64.ActiveCfg = Release R18|Any CPU
		{B6738256-9924-45B1-BDC4-AED0D60BEC4F}.Release R18|x64.Build.0 = Release R18|Any CPU
		{B6738256-9924-45B1-BDC4-AED0D60BEC4F}.Release R18|x86.ActiveCfg = Release R18|Any CPU
		{B6738256-9924-45B1-BDC4-AED0D60BEC4F}.Release R18|x86.Build.0 = Release R18|Any CPU
		{B6738256-9924-45B1-BDC4-AED0D60BEC4F}.Release R19|Any CPU.ActiveCfg = Release R19|Any CPU
		{B6738256-9924-45B1-BDC4-AED0D60BEC4F}.Release R19|Any CPU.Build.0 = Release R19|Any CPU
		{B6738256-9924-45B1-BDC4-AED0D60BEC4F}.Release R19|ARM64.ActiveCfg = Release R19|Any CPU
		{B6738256-9924-45B1-BDC4-AED0D60BEC4F}.Release R19|ARM64.Build.0 = Release R19|Any CPU
		{B6738256-9924-45B1-BDC4-AED0D60BEC4F}.Release R19|x64.ActiveCfg = Release R19|Any CPU
		{B6738256-9924-45B1-BDC4-AED0D60BEC4F}.Release R19|x64.Build.0 = Release R19|Any CPU
		{B6738256-9924-45B1-BDC4-AED0D60BEC4F}.Release R19|x86.ActiveCfg = Release R19|Any CPU
		{B6738256-9924-45B1-BDC4-AED0D60BEC4F}.Release R19|x86.Build.0 = Release R19|Any CPU
		{B6738256-9924-45B1-BDC4-AED0D60BEC4F}.Release R20|Any CPU.ActiveCfg = Release R20|Any CPU
		{B6738256-9924-45B1-BDC4-AED0D60BEC4F}.Release R20|Any CPU.Build.0 = Release R20|Any CPU
		{B6738256-9924-45B1-BDC4-AED0D60BEC4F}.Release R20|ARM64.ActiveCfg = Release R20|Any CPU
		{B6738256-9924-45B1-BDC4-AED0D60BEC4F}.Release R20|ARM64.Build.0 = Release R20|Any CPU
		{B6738256-9924-45B1-BDC4-AED0D60BEC4F}.Release R20|x64.ActiveCfg = Release R20|Any CPU
		{B6738256-9924-45B1-BDC4-AED0D60BEC4F}.Release R20|x64.Build.0 = Release R20|Any CPU
		{B6738256-9924-45B1-BDC4-AED0D60BEC4F}.Release R20|x86.ActiveCfg = Release R20|Any CPU
		{B6738256-9924-45B1-BDC4-AED0D60BEC4F}.Release R20|x86.Build.0 = Release R20|Any CPU
		{B6738256-9924-45B1-BDC4-AED0D60BEC4F}.Release R21|Any CPU.ActiveCfg = Release R21|Any CPU
		{B6738256-9924-45B1-BDC4-AED0D60BEC4F}.Release R21|Any CPU.Build.0 = Release R21|Any CPU
		{B6738256-9924-45B1-BDC4-AED0D60BEC4F}.Release R21|ARM64.ActiveCfg = Release R21|Any CPU
		{B6738256-9924-45B1-BDC4-AED0D60BEC4F}.Release R21|ARM64.Build.0 = Release R21|Any CPU
		{B6738256-9924-45B1-BDC4-AED0D60BEC4F}.Release R21|x64.ActiveCfg = Release R21|Any CPU
		{B6738256-9924-45B1-BDC4-AED0D60BEC4F}.Release R21|x64.Build.0 = Release R21|Any CPU
		{B6738256-9924-45B1-BDC4-AED0D60BEC4F}.Release R21|x86.ActiveCfg = Release R21|Any CPU
		{B6738256-9924-45B1-BDC4-AED0D60BEC4F}.Release R21|x86.Build.0 = Release R21|Any CPU
		{B6738256-9924-45B1-BDC4-AED0D60BEC4F}.Release R22|Any CPU.ActiveCfg = Release R22|Any CPU
		{B6738256-9924-45B1-BDC4-AED0D60BEC4F}.Release R22|Any CPU.Build.0 = Release R22|Any CPU
		{B6738256-9924-45B1-BDC4-AED0D60BEC4F}.Release R22|ARM64.ActiveCfg = Release R22|Any CPU
		{B6738256-9924-45B1-BDC4-AED0D60BEC4F}.Release R22|ARM64.Build.0 = Release R22|Any CPU
		{B6738256-9924-45B1-BDC4-AED0D60BEC4F}.Release R22|x64.ActiveCfg = Release R22|Any CPU
		{B6738256-9924-45B1-BDC4-AED0D60BEC4F}.Release R22|x64.Build.0 = Release R22|Any CPU
		{B6738256-9924-45B1-BDC4-AED0D60BEC4F}.Release R22|x86.ActiveCfg = Release R22|Any CPU
		{B6738256-9924-45B1-BDC4-AED0D60BEC4F}.Release R22|x86.Build.0 = Release R22|Any CPU
		{B6738256-9924-45B1-BDC4-AED0D60BEC4F}.Release R23|Any CPU.ActiveCfg = Release R23|Any CPU
		{B6738256-9924-45B1-BDC4-AED0D60BEC4F}.Release R23|Any CPU.Build.0 = Release R23|Any CPU
		{B6738256-9924-45B1-BDC4-AED0D60BEC4F}.Release R23|ARM64.ActiveCfg = Release R23|Any CPU
		{B6738256-9924-45B1-BDC4-AED0D60BEC4F}.Release R23|ARM64.Build.0 = Release R23|Any CPU
		{B6738256-9924-45B1-BDC4-AED0D60BEC4F}.Release R23|x64.ActiveCfg = Release R23|Any CPU
		{B6738256-9924-45B1-BDC4-AED0D60BEC4F}.Release R23|x64.Build.0 = Release R23|Any CPU
		{B6738256-9924-45B1-BDC4-AED0D60BEC4F}.Release R23|x86.ActiveCfg = Release R23|Any CPU
		{B6738256-9924-45B1-BDC4-AED0D60BEC4F}.Release R23|x86.Build.0 = Release R23|Any CPU
		{B6738256-9924-45B1-BDC4-AED0D60BEC4F}.Release R24|Any CPU.ActiveCfg = Release R24|Any CPU
		{B6738256-9924-45B1-BDC4-AED0D60BEC4F}.Release R24|Any CPU.Build.0 = Release R24|Any CPU
		{B6738256-9924-45B1-BDC4-AED0D60BEC4F}.Release R24|ARM64.ActiveCfg = Release R24|Any CPU
		{B6738256-9924-45B1-BDC4-AED0D60BEC4F}.Release R24|ARM64.Build.0 = Release R24|Any CPU
		{B6738256-9924-45B1-BDC4-AED0D60BEC4F}.Release R24|x64.ActiveCfg = Release R24|Any CPU
		{B6738256-9924-45B1-BDC4-AED0D60BEC4F}.Release R24|x64.Build.0 = Release R24|Any CPU
		{B6738256-9924-45B1-BDC4-AED0D60BEC4F}.Release R24|x86.ActiveCfg = Release R24|Any CPU
		{B6738256-9924-45B1-BDC4-AED0D60BEC4F}.Release R24|x86.Build.0 = Release R24|Any CPU
		{B6738256-9924-45B1-BDC4-AED0D60BEC4F}.Release|Any CPU.ActiveCfg = Release R18|Any CPU
		{B6738256-9924-45B1-BDC4-AED0D60BEC4F}.Release|Any CPU.Build.0 = Release R18|Any CPU
		{B6738256-9924-45B1-BDC4-AED0D60BEC4F}.Release|ARM64.ActiveCfg = Release R24|Any CPU
		{B6738256-9924-45B1-BDC4-AED0D60BEC4F}.Release|ARM64.Build.0 = Release R24|Any CPU
		{B6738256-9924-45B1-BDC4-AED0D60BEC4F}.Release|x64.ActiveCfg = Release R24|Any CPU
		{B6738256-9924-45B1-BDC4-AED0D60BEC4F}.Release|x64.Build.0 = Release R24|Any CPU
		{B6738256-9924-45B1-BDC4-AED0D60BEC4F}.Release|x86.ActiveCfg = Release R24|Any CPU
		{B6738256-9924-45B1-BDC4-AED0D60BEC4F}.Release|x86.Build.0 = Release R24|Any CPU
		{CEACAB04-63E5-4F93-9FA1-757EC53C76B2}.Debug R19|Any CPU.ActiveCfg = Debug|Any CPU
		{CEACAB04-63E5-4F93-9FA1-757EC53C76B2}.Debug R19|Any CPU.Build.0 = Debug|Any CPU
		{CEACAB04-63E5-4F93-9FA1-757EC53C76B2}.Debug R19|ARM64.ActiveCfg = Debug|Any CPU
		{CEACAB04-63E5-4F93-9FA1-757EC53C76B2}.Debug R19|ARM64.Build.0 = Debug|Any CPU
		{CEACAB04-63E5-4F93-9FA1-757EC53C76B2}.Debug R19|x64.ActiveCfg = Debug|Any CPU
		{CEACAB04-63E5-4F93-9FA1-757EC53C76B2}.Debug R19|x64.Build.0 = Debug|Any CPU
		{CEACAB04-63E5-4F93-9FA1-757EC53C76B2}.Debug R19|x86.ActiveCfg = Debug|Any CPU
		{CEACAB04-63E5-4F93-9FA1-757EC53C76B2}.Debug R19|x86.Build.0 = Debug|Any CPU
		{CEACAB04-63E5-4F93-9FA1-757EC53C76B2}.Debug R20|Any CPU.ActiveCfg = Debug|Any CPU
		{CEACAB04-63E5-4F93-9FA1-757EC53C76B2}.Debug R20|Any CPU.Build.0 = Debug|Any CPU
		{CEACAB04-63E5-4F93-9FA1-757EC53C76B2}.Debug R20|ARM64.ActiveCfg = Debug|Any CPU
		{CEACAB04-63E5-4F93-9FA1-757EC53C76B2}.Debug R20|ARM64.Build.0 = Debug|Any CPU
		{CEACAB04-63E5-4F93-9FA1-757EC53C76B2}.Debug R20|x64.ActiveCfg = Debug|Any CPU
		{CEACAB04-63E5-4F93-9FA1-757EC53C76B2}.Debug R20|x64.Build.0 = Debug|Any CPU
		{CEACAB04-63E5-4F93-9FA1-757EC53C76B2}.Debug R20|x86.ActiveCfg = Debug|Any CPU
		{CEACAB04-63E5-4F93-9FA1-757EC53C76B2}.Debug R20|x86.Build.0 = Debug|Any CPU
		{CEACAB04-63E5-4F93-9FA1-757EC53C76B2}.Debug R21|Any CPU.ActiveCfg = Debug|Any CPU
		{CEACAB04-63E5-4F93-9FA1-757EC53C76B2}.Debug R21|Any CPU.Build.0 = Debug|Any CPU
		{CEACAB04-63E5-4F93-9FA1-757EC53C76B2}.Debug R21|ARM64.ActiveCfg = Debug|Any CPU
		{CEACAB04-63E5-4F93-9FA1-757EC53C76B2}.Debug R21|ARM64.Build.0 = Debug|Any CPU
		{CEACAB04-63E5-4F93-9FA1-757EC53C76B2}.Debug R21|x64.ActiveCfg = Debug|Any CPU
		{CEACAB04-63E5-4F93-9FA1-757EC53C76B2}.Debug R21|x64.Build.0 = Debug|Any CPU
		{CEACAB04-63E5-4F93-9FA1-757EC53C76B2}.Debug R21|x86.ActiveCfg = Debug|Any CPU
		{CEACAB04-63E5-4F93-9FA1-757EC53C76B2}.Debug R21|x86.Build.0 = Debug|Any CPU
		{CEACAB04-63E5-4F93-9FA1-757EC53C76B2}.Debug R22|Any CPU.ActiveCfg = Debug|Any CPU
		{CEACAB04-63E5-4F93-9FA1-757EC53C76B2}.Debug R22|Any CPU.Build.0 = Debug|Any CPU
		{CEACAB04-63E5-4F93-9FA1-757EC53C76B2}.Debug R22|ARM64.ActiveCfg = Debug|Any CPU
		{CEACAB04-63E5-4F93-9FA1-757EC53C76B2}.Debug R22|ARM64.Build.0 = Debug|Any CPU
		{CEACAB04-63E5-4F93-9FA1-757EC53C76B2}.Debug R22|x64.ActiveCfg = Debug|Any CPU
		{CEACAB04-63E5-4F93-9FA1-757EC53C76B2}.Debug R22|x64.Build.0 = Debug|Any CPU
		{CEACAB04-63E5-4F93-9FA1-757EC53C76B2}.Debug R22|x86.ActiveCfg = Debug|Any CPU
		{CEACAB04-63E5-4F93-9FA1-757EC53C76B2}.Debug R22|x86.Build.0 = Debug|Any CPU
		{CEACAB04-63E5-4F93-9FA1-757EC53C76B2}.Debug R23|Any CPU.ActiveCfg = Debug|Any CPU
		{CEACAB04-63E5-4F93-9FA1-757EC53C76B2}.Debug R23|Any CPU.Build.0 = Debug|Any CPU
		{CEACAB04-63E5-4F93-9FA1-757EC53C76B2}.Debug R23|ARM64.ActiveCfg = Debug|Any CPU
		{CEACAB04-63E5-4F93-9FA1-757EC53C76B2}.Debug R23|ARM64.Build.0 = Debug|Any CPU
		{CEACAB04-63E5-4F93-9FA1-757EC53C76B2}.Debug R23|x64.ActiveCfg = Debug|Any CPU
		{CEACAB04-63E5-4F93-9FA1-757EC53C76B2}.Debug R23|x64.Build.0 = Debug|Any CPU
		{CEACAB04-63E5-4F93-9FA1-757EC53C76B2}.Debug R23|x86.ActiveCfg = Debug|Any CPU
		{CEACAB04-63E5-4F93-9FA1-757EC53C76B2}.Debug R23|x86.Build.0 = Debug|Any CPU
		{CEACAB04-63E5-4F93-9FA1-757EC53C76B2}.Debug R24|Any CPU.ActiveCfg = Debug|Any CPU
		{CEACAB04-63E5-4F93-9FA1-757EC53C76B2}.Debug R24|Any CPU.Build.0 = Debug|Any CPU
		{CEACAB04-63E5-4F93-9FA1-757EC53C76B2}.Debug R24|ARM64.ActiveCfg = Debug|Any CPU
		{CEACAB04-63E5-4F93-9FA1-757EC53C76B2}.Debug R24|ARM64.Build.0 = Debug|Any CPU
		{CEACAB04-63E5-4F93-9FA1-757EC53C76B2}.Debug R24|x64.ActiveCfg = Debug|Any CPU
		{CEACAB04-63E5-4F93-9FA1-757EC53C76B2}.Debug R24|x64.Build.0 = Debug|Any CPU
		{CEACAB04-63E5-4F93-9FA1-757EC53C76B2}.Debug R24|x86.ActiveCfg = Debug|Any CPU
		{CEACAB04-63E5-4F93-9FA1-757EC53C76B2}.Debug R24|x86.Build.0 = Debug|Any CPU
		{CEACAB04-63E5-4F93-9FA1-757EC53C76B2}.Debug|Any CPU.ActiveCfg = Debug|Any CPU
		{CEACAB04-63E5-4F93-9FA1-757EC53C76B2}.Debug|Any CPU.Build.0 = Debug|Any CPU
		{CEACAB04-63E5-4F93-9FA1-757EC53C76B2}.Debug|ARM64.ActiveCfg = Debug|Any CPU
		{CEACAB04-63E5-4F93-9FA1-757EC53C76B2}.Debug|ARM64.Build.0 = Debug|Any CPU
		{CEACAB04-63E5-4F93-9FA1-757EC53C76B2}.Debug|x64.ActiveCfg = Debug|Any CPU
		{CEACAB04-63E5-4F93-9FA1-757EC53C76B2}.Debug|x64.Build.0 = Debug|Any CPU
		{CEACAB04-63E5-4F93-9FA1-757EC53C76B2}.Debug|x86.ActiveCfg = Debug|Any CPU
		{CEACAB04-63E5-4F93-9FA1-757EC53C76B2}.Debug|x86.Build.0 = Debug|Any CPU
		{CEACAB04-63E5-4F93-9FA1-757EC53C76B2}.Release R18|Any CPU.ActiveCfg = Release|Any CPU
		{CEACAB04-63E5-4F93-9FA1-757EC53C76B2}.Release R18|Any CPU.Build.0 = Release|Any CPU
		{CEACAB04-63E5-4F93-9FA1-757EC53C76B2}.Release R18|ARM64.ActiveCfg = Release|Any CPU
		{CEACAB04-63E5-4F93-9FA1-757EC53C76B2}.Release R18|ARM64.Build.0 = Release|Any CPU
		{CEACAB04-63E5-4F93-9FA1-757EC53C76B2}.Release R18|x64.ActiveCfg = Release|Any CPU
		{CEACAB04-63E5-4F93-9FA1-757EC53C76B2}.Release R18|x64.Build.0 = Release|Any CPU
		{CEACAB04-63E5-4F93-9FA1-757EC53C76B2}.Release R18|x86.ActiveCfg = Release|Any CPU
		{CEACAB04-63E5-4F93-9FA1-757EC53C76B2}.Release R18|x86.Build.0 = Release|Any CPU
		{CEACAB04-63E5-4F93-9FA1-757EC53C76B2}.Release R19|Any CPU.ActiveCfg = Release|Any CPU
		{CEACAB04-63E5-4F93-9FA1-757EC53C76B2}.Release R19|Any CPU.Build.0 = Release|Any CPU
		{CEACAB04-63E5-4F93-9FA1-757EC53C76B2}.Release R19|ARM64.ActiveCfg = Release|Any CPU
		{CEACAB04-63E5-4F93-9FA1-757EC53C76B2}.Release R19|ARM64.Build.0 = Release|Any CPU
		{CEACAB04-63E5-4F93-9FA1-757EC53C76B2}.Release R19|x64.ActiveCfg = Release|Any CPU
		{CEACAB04-63E5-4F93-9FA1-757EC53C76B2}.Release R19|x64.Build.0 = Release|Any CPU
		{CEACAB04-63E5-4F93-9FA1-757EC53C76B2}.Release R19|x86.ActiveCfg = Release|Any CPU
		{CEACAB04-63E5-4F93-9FA1-757EC53C76B2}.Release R19|x86.Build.0 = Release|Any CPU
		{CEACAB04-63E5-4F93-9FA1-757EC53C76B2}.Release R20|Any CPU.ActiveCfg = Release|Any CPU
		{CEACAB04-63E5-4F93-9FA1-757EC53C76B2}.Release R20|Any CPU.Build.0 = Release|Any CPU
		{CEACAB04-63E5-4F93-9FA1-757EC53C76B2}.Release R20|ARM64.ActiveCfg = Release|Any CPU
		{CEACAB04-63E5-4F93-9FA1-757EC53C76B2}.Release R20|ARM64.Build.0 = Release|Any CPU
		{CEACAB04-63E5-4F93-9FA1-757EC53C76B2}.Release R20|x64.ActiveCfg = Release|Any CPU
		{CEACAB04-63E5-4F93-9FA1-757EC53C76B2}.Release R20|x64.Build.0 = Release|Any CPU
		{CEACAB04-63E5-4F93-9FA1-757EC53C76B2}.Release R20|x86.ActiveCfg = Release|Any CPU
		{CEACAB04-63E5-4F93-9FA1-757EC53C76B2}.Release R20|x86.Build.0 = Release|Any CPU
		{CEACAB04-63E5-4F93-9FA1-757EC53C76B2}.Release R21|Any CPU.ActiveCfg = Release|Any CPU
		{CEACAB04-63E5-4F93-9FA1-757EC53C76B2}.Release R21|Any CPU.Build.0 = Release|Any CPU
		{CEACAB04-63E5-4F93-9FA1-757EC53C76B2}.Release R21|ARM64.ActiveCfg = Release|Any CPU
		{CEACAB04-63E5-4F93-9FA1-757EC53C76B2}.Release R21|ARM64.Build.0 = Release|Any CPU
		{CEACAB04-63E5-4F93-9FA1-757EC53C76B2}.Release R21|x64.ActiveCfg = Release|Any CPU
		{CEACAB04-63E5-4F93-9FA1-757EC53C76B2}.Release R21|x64.Build.0 = Release|Any CPU
		{CEACAB04-63E5-4F93-9FA1-757EC53C76B2}.Release R21|x86.ActiveCfg = Release|Any CPU
		{CEACAB04-63E5-4F93-9FA1-757EC53C76B2}.Release R21|x86.Build.0 = Release|Any CPU
		{CEACAB04-63E5-4F93-9FA1-757EC53C76B2}.Release R22|Any CPU.ActiveCfg = Release|Any CPU
		{CEACAB04-63E5-4F93-9FA1-757EC53C76B2}.Release R22|Any CPU.Build.0 = Release|Any CPU
		{CEACAB04-63E5-4F93-9FA1-757EC53C76B2}.Release R22|ARM64.ActiveCfg = Release|Any CPU
		{CEACAB04-63E5-4F93-9FA1-757EC53C76B2}.Release R22|ARM64.Build.0 = Release|Any CPU
		{CEACAB04-63E5-4F93-9FA1-757EC53C76B2}.Release R22|x64.ActiveCfg = Release|Any CPU
		{CEACAB04-63E5-4F93-9FA1-757EC53C76B2}.Release R22|x64.Build.0 = Release|Any CPU
		{CEACAB04-63E5-4F93-9FA1-757EC53C76B2}.Release R22|x86.ActiveCfg = Release|Any CPU
		{CEACAB04-63E5-4F93-9FA1-757EC53C76B2}.Release R22|x86.Build.0 = Release|Any CPU
		{CEACAB04-63E5-4F93-9FA1-757EC53C76B2}.Release R23|Any CPU.ActiveCfg = Release|Any CPU
		{CEACAB04-63E5-4F93-9FA1-757EC53C76B2}.Release R23|Any CPU.Build.0 = Release|Any CPU
		{CEACAB04-63E5-4F93-9FA1-757EC53C76B2}.Release R23|ARM64.ActiveCfg = Release|Any CPU
		{CEACAB04-63E5-4F93-9FA1-757EC53C76B2}.Release R23|ARM64.Build.0 = Release|Any CPU
		{CEACAB04-63E5-4F93-9FA1-757EC53C76B2}.Release R23|x64.ActiveCfg = Release|Any CPU
		{CEACAB04-63E5-4F93-9FA1-757EC53C76B2}.Release R23|x64.Build.0 = Release|Any CPU
		{CEACAB04-63E5-4F93-9FA1-757EC53C76B2}.Release R23|x86.ActiveCfg = Release|Any CPU
		{CEACAB04-63E5-4F93-9FA1-757EC53C76B2}.Release R23|x86.Build.0 = Release|Any CPU
		{CEACAB04-63E5-4F93-9FA1-757EC53C76B2}.Release R24|Any CPU.ActiveCfg = Release|Any CPU
		{CEACAB04-63E5-4F93-9FA1-757EC53C76B2}.Release R24|Any CPU.Build.0 = Release|Any CPU
		{CEACAB04-63E5-4F93-9FA1-757EC53C76B2}.Release R24|ARM64.ActiveCfg = Release|Any CPU
		{CEACAB04-63E5-4F93-9FA1-757EC53C76B2}.Release R24|ARM64.Build.0 = Release|Any CPU
		{CEACAB04-63E5-4F93-9FA1-757EC53C76B2}.Release R24|x64.ActiveCfg = Release|Any CPU
		{CEACAB04-63E5-4F93-9FA1-757EC53C76B2}.Release R24|x64.Build.0 = Release|Any CPU
		{CEACAB04-63E5-4F93-9FA1-757EC53C76B2}.Release R24|x86.ActiveCfg = Release|Any CPU
		{CEACAB04-63E5-4F93-9FA1-757EC53C76B2}.Release R24|x86.Build.0 = Release|Any CPU
		{CEACAB04-63E5-4F93-9FA1-757EC53C76B2}.Release|Any CPU.ActiveCfg = Release|Any CPU
		{CEACAB04-63E5-4F93-9FA1-757EC53C76B2}.Release|Any CPU.Build.0 = Release|Any CPU
		{CEACAB04-63E5-4F93-9FA1-757EC53C76B2}.Release|ARM64.ActiveCfg = Release|Any CPU
		{CEACAB04-63E5-4F93-9FA1-757EC53C76B2}.Release|ARM64.Build.0 = Release|Any CPU
		{CEACAB04-63E5-4F93-9FA1-757EC53C76B2}.Release|x64.ActiveCfg = Release|Any CPU
		{CEACAB04-63E5-4F93-9FA1-757EC53C76B2}.Release|x64.Build.0 = Release|Any CPU
		{CEACAB04-63E5-4F93-9FA1-757EC53C76B2}.Release|x86.ActiveCfg = Release|Any CPU
		{CEACAB04-63E5-4F93-9FA1-757EC53C76B2}.Release|x86.Build.0 = Release|Any CPU
		{05398182-1421-47F4-8505-27D50609BB98}.Debug R19|Any CPU.ActiveCfg = Debug|Any CPU
		{05398182-1421-47F4-8505-27D50609BB98}.Debug R19|Any CPU.Build.0 = Debug|Any CPU
		{05398182-1421-47F4-8505-27D50609BB98}.Debug R19|ARM64.ActiveCfg = Debug|Any CPU
		{05398182-1421-47F4-8505-27D50609BB98}.Debug R19|ARM64.Build.0 = Debug|Any CPU
		{05398182-1421-47F4-8505-27D50609BB98}.Debug R19|x64.ActiveCfg = Debug|Any CPU
		{05398182-1421-47F4-8505-27D50609BB98}.Debug R19|x64.Build.0 = Debug|Any CPU
		{05398182-1421-47F4-8505-27D50609BB98}.Debug R19|x86.ActiveCfg = Debug|Any CPU
		{05398182-1421-47F4-8505-27D50609BB98}.Debug R19|x86.Build.0 = Debug|Any CPU
		{05398182-1421-47F4-8505-27D50609BB98}.Debug R20|Any CPU.ActiveCfg = Debug|Any CPU
		{05398182-1421-47F4-8505-27D50609BB98}.Debug R20|Any CPU.Build.0 = Debug|Any CPU
		{05398182-1421-47F4-8505-27D50609BB98}.Debug R20|ARM64.ActiveCfg = Debug|Any CPU
		{05398182-1421-47F4-8505-27D50609BB98}.Debug R20|ARM64.Build.0 = Debug|Any CPU
		{05398182-1421-47F4-8505-27D50609BB98}.Debug R20|x64.ActiveCfg = Debug|Any CPU
		{05398182-1421-47F4-8505-27D50609BB98}.Debug R20|x64.Build.0 = Debug|Any CPU
		{05398182-1421-47F4-8505-27D50609BB98}.Debug R20|x86.ActiveCfg = Debug|Any CPU
		{05398182-1421-47F4-8505-27D50609BB98}.Debug R20|x86.Build.0 = Debug|Any CPU
		{05398182-1421-47F4-8505-27D50609BB98}.Debug R21|Any CPU.ActiveCfg = Debug|Any CPU
		{05398182-1421-47F4-8505-27D50609BB98}.Debug R21|Any CPU.Build.0 = Debug|Any CPU
		{05398182-1421-47F4-8505-27D50609BB98}.Debug R21|ARM64.ActiveCfg = Debug|Any CPU
		{05398182-1421-47F4-8505-27D50609BB98}.Debug R21|ARM64.Build.0 = Debug|Any CPU
		{05398182-1421-47F4-8505-27D50609BB98}.Debug R21|x64.ActiveCfg = Debug|Any CPU
		{05398182-1421-47F4-8505-27D50609BB98}.Debug R21|x64.Build.0 = Debug|Any CPU
		{05398182-1421-47F4-8505-27D50609BB98}.Debug R21|x86.ActiveCfg = Debug|Any CPU
		{05398182-1421-47F4-8505-27D50609BB98}.Debug R21|x86.Build.0 = Debug|Any CPU
		{05398182-1421-47F4-8505-27D50609BB98}.Debug R22|Any CPU.ActiveCfg = Debug|Any CPU
		{05398182-1421-47F4-8505-27D50609BB98}.Debug R22|Any CPU.Build.0 = Debug|Any CPU
		{05398182-1421-47F4-8505-27D50609BB98}.Debug R22|ARM64.ActiveCfg = Debug|Any CPU
		{05398182-1421-47F4-8505-27D50609BB98}.Debug R22|ARM64.Build.0 = Debug|Any CPU
		{05398182-1421-47F4-8505-27D50609BB98}.Debug R22|x64.ActiveCfg = Debug|Any CPU
		{05398182-1421-47F4-8505-27D50609BB98}.Debug R22|x64.Build.0 = Debug|Any CPU
		{05398182-1421-47F4-8505-27D50609BB98}.Debug R22|x86.ActiveCfg = Debug|Any CPU
		{05398182-1421-47F4-8505-27D50609BB98}.Debug R22|x86.Build.0 = Debug|Any CPU
		{05398182-1421-47F4-8505-27D50609BB98}.Debug R23|Any CPU.ActiveCfg = Debug|Any CPU
		{05398182-1421-47F4-8505-27D50609BB98}.Debug R23|Any CPU.Build.0 = Debug|Any CPU
		{05398182-1421-47F4-8505-27D50609BB98}.Debug R23|ARM64.ActiveCfg = Debug|Any CPU
		{05398182-1421-47F4-8505-27D50609BB98}.Debug R23|ARM64.Build.0 = Debug|Any CPU
		{05398182-1421-47F4-8505-27D50609BB98}.Debug R23|x64.ActiveCfg = Debug|Any CPU
		{05398182-1421-47F4-8505-27D50609BB98}.Debug R23|x64.Build.0 = Debug|Any CPU
		{05398182-1421-47F4-8505-27D50609BB98}.Debug R23|x86.ActiveCfg = Debug|Any CPU
		{05398182-1421-47F4-8505-27D50609BB98}.Debug R23|x86.Build.0 = Debug|Any CPU
		{05398182-1421-47F4-8505-27D50609BB98}.Debug R24|Any CPU.ActiveCfg = Debug|Any CPU
		{05398182-1421-47F4-8505-27D50609BB98}.Debug R24|Any CPU.Build.0 = Debug|Any CPU
		{05398182-1421-47F4-8505-27D50609BB98}.Debug R24|ARM64.ActiveCfg = Debug|Any CPU
		{05398182-1421-47F4-8505-27D50609BB98}.Debug R24|ARM64.Build.0 = Debug|Any CPU
		{05398182-1421-47F4-8505-27D50609BB98}.Debug R24|x64.ActiveCfg = Debug|Any CPU
		{05398182-1421-47F4-8505-27D50609BB98}.Debug R24|x64.Build.0 = Debug|Any CPU
		{05398182-1421-47F4-8505-27D50609BB98}.Debug R24|x86.ActiveCfg = Debug|Any CPU
		{05398182-1421-47F4-8505-27D50609BB98}.Debug R24|x86.Build.0 = Debug|Any CPU
		{05398182-1421-47F4-8505-27D50609BB98}.Debug|Any CPU.ActiveCfg = Debug|Any CPU
		{05398182-1421-47F4-8505-27D50609BB98}.Debug|Any CPU.Build.0 = Debug|Any CPU
		{05398182-1421-47F4-8505-27D50609BB98}.Debug|ARM64.ActiveCfg = Debug|Any CPU
		{05398182-1421-47F4-8505-27D50609BB98}.Debug|ARM64.Build.0 = Debug|Any CPU
		{05398182-1421-47F4-8505-27D50609BB98}.Debug|x64.ActiveCfg = Debug|Any CPU
		{05398182-1421-47F4-8505-27D50609BB98}.Debug|x64.Build.0 = Debug|Any CPU
		{05398182-1421-47F4-8505-27D50609BB98}.Debug|x86.ActiveCfg = Debug|Any CPU
		{05398182-1421-47F4-8505-27D50609BB98}.Debug|x86.Build.0 = Debug|Any CPU
		{05398182-1421-47F4-8505-27D50609BB98}.Release R18|Any CPU.ActiveCfg = Release|Any CPU
		{05398182-1421-47F4-8505-27D50609BB98}.Release R18|Any CPU.Build.0 = Release|Any CPU
		{05398182-1421-47F4-8505-27D50609BB98}.Release R18|ARM64.ActiveCfg = Release|Any CPU
		{05398182-1421-47F4-8505-27D50609BB98}.Release R18|ARM64.Build.0 = Release|Any CPU
		{05398182-1421-47F4-8505-27D50609BB98}.Release R18|x64.ActiveCfg = Release|Any CPU
		{05398182-1421-47F4-8505-27D50609BB98}.Release R18|x64.Build.0 = Release|Any CPU
		{05398182-1421-47F4-8505-27D50609BB98}.Release R18|x86.ActiveCfg = Release|Any CPU
		{05398182-1421-47F4-8505-27D50609BB98}.Release R18|x86.Build.0 = Release|Any CPU
		{05398182-1421-47F4-8505-27D50609BB98}.Release R19|Any CPU.ActiveCfg = Release|Any CPU
		{05398182-1421-47F4-8505-27D50609BB98}.Release R19|Any CPU.Build.0 = Release|Any CPU
		{05398182-1421-47F4-8505-27D50609BB98}.Release R19|ARM64.ActiveCfg = Release|Any CPU
		{05398182-1421-47F4-8505-27D50609BB98}.Release R19|ARM64.Build.0 = Release|Any CPU
		{05398182-1421-47F4-8505-27D50609BB98}.Release R19|x64.ActiveCfg = Release|Any CPU
		{05398182-1421-47F4-8505-27D50609BB98}.Release R19|x64.Build.0 = Release|Any CPU
		{05398182-1421-47F4-8505-27D50609BB98}.Release R19|x86.ActiveCfg = Release|Any CPU
		{05398182-1421-47F4-8505-27D50609BB98}.Release R19|x86.Build.0 = Release|Any CPU
		{05398182-1421-47F4-8505-27D50609BB98}.Release R20|Any CPU.ActiveCfg = Release|Any CPU
		{05398182-1421-47F4-8505-27D50609BB98}.Release R20|Any CPU.Build.0 = Release|Any CPU
		{05398182-1421-47F4-8505-27D50609BB98}.Release R20|ARM64.ActiveCfg = Release|Any CPU
		{05398182-1421-47F4-8505-27D50609BB98}.Release R20|ARM64.Build.0 = Release|Any CPU
		{05398182-1421-47F4-8505-27D50609BB98}.Release R20|x64.ActiveCfg = Release|Any CPU
		{05398182-1421-47F4-8505-27D50609BB98}.Release R20|x64.Build.0 = Release|Any CPU
		{05398182-1421-47F4-8505-27D50609BB98}.Release R20|x86.ActiveCfg = Release|Any CPU
		{05398182-1421-47F4-8505-27D50609BB98}.Release R20|x86.Build.0 = Release|Any CPU
		{05398182-1421-47F4-8505-27D50609BB98}.Release R21|Any CPU.ActiveCfg = Release|Any CPU
		{05398182-1421-47F4-8505-27D50609BB98}.Release R21|Any CPU.Build.0 = Release|Any CPU
		{05398182-1421-47F4-8505-27D50609BB98}.Release R21|ARM64.ActiveCfg = Release|Any CPU
		{05398182-1421-47F4-8505-27D50609BB98}.Release R21|ARM64.Build.0 = Release|Any CPU
		{05398182-1421-47F4-8505-27D50609BB98}.Release R21|x64.ActiveCfg = Release|Any CPU
		{05398182-1421-47F4-8505-27D50609BB98}.Release R21|x64.Build.0 = Release|Any CPU
		{05398182-1421-47F4-8505-27D50609BB98}.Release R21|x86.ActiveCfg = Release|Any CPU
		{05398182-1421-47F4-8505-27D50609BB98}.Release R21|x86.Build.0 = Release|Any CPU
		{05398182-1421-47F4-8505-27D50609BB98}.Release R22|Any CPU.ActiveCfg = Release|Any CPU
		{05398182-1421-47F4-8505-27D50609BB98}.Release R22|Any CPU.Build.0 = Release|Any CPU
		{05398182-1421-47F4-8505-27D50609BB98}.Release R22|ARM64.ActiveCfg = Release|Any CPU
		{05398182-1421-47F4-8505-27D50609BB98}.Release R22|ARM64.Build.0 = Release|Any CPU
		{05398182-1421-47F4-8505-27D50609BB98}.Release R22|x64.ActiveCfg = Release|Any CPU
		{05398182-1421-47F4-8505-27D50609BB98}.Release R22|x64.Build.0 = Release|Any CPU
		{05398182-1421-47F4-8505-27D50609BB98}.Release R22|x86.ActiveCfg = Release|Any CPU
		{05398182-1421-47F4-8505-27D50609BB98}.Release R22|x86.Build.0 = Release|Any CPU
		{05398182-1421-47F4-8505-27D50609BB98}.Release R23|Any CPU.ActiveCfg = Release|Any CPU
		{05398182-1421-47F4-8505-27D50609BB98}.Release R23|Any CPU.Build.0 = Release|Any CPU
		{05398182-1421-47F4-8505-27D50609BB98}.Release R23|ARM64.ActiveCfg = Release|Any CPU
		{05398182-1421-47F4-8505-27D50609BB98}.Release R23|ARM64.Build.0 = Release|Any CPU
		{05398182-1421-47F4-8505-27D50609BB98}.Release R23|x64.ActiveCfg = Release|Any CPU
		{05398182-1421-47F4-8505-27D50609BB98}.Release R23|x64.Build.0 = Release|Any CPU
		{05398182-1421-47F4-8505-27D50609BB98}.Release R23|x86.ActiveCfg = Release|Any CPU
		{05398182-1421-47F4-8505-27D50609BB98}.Release R23|x86.Build.0 = Release|Any CPU
		{05398182-1421-47F4-8505-27D50609BB98}.Release R24|Any CPU.ActiveCfg = Release|Any CPU
		{05398182-1421-47F4-8505-27D50609BB98}.Release R24|Any CPU.Build.0 = Release|Any CPU
		{05398182-1421-47F4-8505-27D50609BB98}.Release R24|ARM64.ActiveCfg = Release|Any CPU
		{05398182-1421-47F4-8505-27D50609BB98}.Release R24|ARM64.Build.0 = Release|Any CPU
		{05398182-1421-47F4-8505-27D50609BB98}.Release R24|x64.ActiveCfg = Release|Any CPU
		{05398182-1421-47F4-8505-27D50609BB98}.Release R24|x64.Build.0 = Release|Any CPU
		{05398182-1421-47F4-8505-27D50609BB98}.Release R24|x86.ActiveCfg = Release|Any CPU
		{05398182-1421-47F4-8505-27D50609BB98}.Release R24|x86.Build.0 = Release|Any CPU
		{05398182-1421-47F4-8505-27D50609BB98}.Release|Any CPU.ActiveCfg = Release|Any CPU
		{05398182-1421-47F4-8505-27D50609BB98}.Release|Any CPU.Build.0 = Release|Any CPU
		{05398182-1421-47F4-8505-27D50609BB98}.Release|ARM64.ActiveCfg = Release|Any CPU
		{05398182-1421-47F4-8505-27D50609BB98}.Release|ARM64.Build.0 = Release|Any CPU
		{05398182-1421-47F4-8505-27D50609BB98}.Release|x64.ActiveCfg = Release|Any CPU
		{05398182-1421-47F4-8505-27D50609BB98}.Release|x64.Build.0 = Release|Any CPU
		{05398182-1421-47F4-8505-27D50609BB98}.Release|x86.ActiveCfg = Release|Any CPU
		{05398182-1421-47F4-8505-27D50609BB98}.Release|x86.Build.0 = Release|Any CPU
		{2DC1C144-ACEB-4F85-B08E-D134B3A127B6}.Debug R19|Any CPU.ActiveCfg = Debug|Any CPU
		{2DC1C144-ACEB-4F85-B08E-D134B3A127B6}.Debug R19|Any CPU.Build.0 = Debug|Any CPU
		{2DC1C144-ACEB-4F85-B08E-D134B3A127B6}.Debug R19|ARM64.ActiveCfg = Debug|Any CPU
		{2DC1C144-ACEB-4F85-B08E-D134B3A127B6}.Debug R19|ARM64.Build.0 = Debug|Any CPU
		{2DC1C144-ACEB-4F85-B08E-D134B3A127B6}.Debug R19|x64.ActiveCfg = Debug|Any CPU
		{2DC1C144-ACEB-4F85-B08E-D134B3A127B6}.Debug R19|x64.Build.0 = Debug|Any CPU
		{2DC1C144-ACEB-4F85-B08E-D134B3A127B6}.Debug R19|x86.ActiveCfg = Debug|Any CPU
		{2DC1C144-ACEB-4F85-B08E-D134B3A127B6}.Debug R19|x86.Build.0 = Debug|Any CPU
		{2DC1C144-ACEB-4F85-B08E-D134B3A127B6}.Debug R20|Any CPU.ActiveCfg = Debug|Any CPU
		{2DC1C144-ACEB-4F85-B08E-D134B3A127B6}.Debug R20|Any CPU.Build.0 = Debug|Any CPU
		{2DC1C144-ACEB-4F85-B08E-D134B3A127B6}.Debug R20|ARM64.ActiveCfg = Debug|Any CPU
		{2DC1C144-ACEB-4F85-B08E-D134B3A127B6}.Debug R20|ARM64.Build.0 = Debug|Any CPU
		{2DC1C144-ACEB-4F85-B08E-D134B3A127B6}.Debug R20|x64.ActiveCfg = Debug|Any CPU
		{2DC1C144-ACEB-4F85-B08E-D134B3A127B6}.Debug R20|x64.Build.0 = Debug|Any CPU
		{2DC1C144-ACEB-4F85-B08E-D134B3A127B6}.Debug R20|x86.ActiveCfg = Debug|Any CPU
		{2DC1C144-ACEB-4F85-B08E-D134B3A127B6}.Debug R20|x86.Build.0 = Debug|Any CPU
		{2DC1C144-ACEB-4F85-B08E-D134B3A127B6}.Debug R21|Any CPU.ActiveCfg = Debug|Any CPU
		{2DC1C144-ACEB-4F85-B08E-D134B3A127B6}.Debug R21|Any CPU.Build.0 = Debug|Any CPU
		{2DC1C144-ACEB-4F85-B08E-D134B3A127B6}.Debug R21|ARM64.ActiveCfg = Debug|Any CPU
		{2DC1C144-ACEB-4F85-B08E-D134B3A127B6}.Debug R21|ARM64.Build.0 = Debug|Any CPU
		{2DC1C144-ACEB-4F85-B08E-D134B3A127B6}.Debug R21|x64.ActiveCfg = Debug|Any CPU
		{2DC1C144-ACEB-4F85-B08E-D134B3A127B6}.Debug R21|x64.Build.0 = Debug|Any CPU
		{2DC1C144-ACEB-4F85-B08E-D134B3A127B6}.Debug R21|x86.ActiveCfg = Debug|Any CPU
		{2DC1C144-ACEB-4F85-B08E-D134B3A127B6}.Debug R21|x86.Build.0 = Debug|Any CPU
		{2DC1C144-ACEB-4F85-B08E-D134B3A127B6}.Debug R22|Any CPU.ActiveCfg = Debug|Any CPU
		{2DC1C144-ACEB-4F85-B08E-D134B3A127B6}.Debug R22|Any CPU.Build.0 = Debug|Any CPU
		{2DC1C144-ACEB-4F85-B08E-D134B3A127B6}.Debug R22|ARM64.ActiveCfg = Debug|Any CPU
		{2DC1C144-ACEB-4F85-B08E-D134B3A127B6}.Debug R22|ARM64.Build.0 = Debug|Any CPU
		{2DC1C144-ACEB-4F85-B08E-D134B3A127B6}.Debug R22|x64.ActiveCfg = Debug|Any CPU
		{2DC1C144-ACEB-4F85-B08E-D134B3A127B6}.Debug R22|x64.Build.0 = Debug|Any CPU
		{2DC1C144-ACEB-4F85-B08E-D134B3A127B6}.Debug R22|x86.ActiveCfg = Debug|Any CPU
		{2DC1C144-ACEB-4F85-B08E-D134B3A127B6}.Debug R22|x86.Build.0 = Debug|Any CPU
		{2DC1C144-ACEB-4F85-B08E-D134B3A127B6}.Debug R23|Any CPU.ActiveCfg = Debug|Any CPU
		{2DC1C144-ACEB-4F85-B08E-D134B3A127B6}.Debug R23|Any CPU.Build.0 = Debug|Any CPU
		{2DC1C144-ACEB-4F85-B08E-D134B3A127B6}.Debug R23|ARM64.ActiveCfg = Debug|Any CPU
		{2DC1C144-ACEB-4F85-B08E-D134B3A127B6}.Debug R23|ARM64.Build.0 = Debug|Any CPU
		{2DC1C144-ACEB-4F85-B08E-D134B3A127B6}.Debug R23|x64.ActiveCfg = Debug|Any CPU
		{2DC1C144-ACEB-4F85-B08E-D134B3A127B6}.Debug R23|x64.Build.0 = Debug|Any CPU
		{2DC1C144-ACEB-4F85-B08E-D134B3A127B6}.Debug R23|x86.ActiveCfg = Debug|Any CPU
		{2DC1C144-ACEB-4F85-B08E-D134B3A127B6}.Debug R23|x86.Build.0 = Debug|Any CPU
		{2DC1C144-ACEB-4F85-B08E-D134B3A127B6}.Debug R24|Any CPU.ActiveCfg = Debug|Any CPU
		{2DC1C144-ACEB-4F85-B08E-D134B3A127B6}.Debug R24|Any CPU.Build.0 = Debug|Any CPU
		{2DC1C144-ACEB-4F85-B08E-D134B3A127B6}.Debug R24|ARM64.ActiveCfg = Debug|Any CPU
		{2DC1C144-ACEB-4F85-B08E-D134B3A127B6}.Debug R24|ARM64.Build.0 = Debug|Any CPU
		{2DC1C144-ACEB-4F85-B08E-D134B3A127B6}.Debug R24|x64.ActiveCfg = Debug|Any CPU
		{2DC1C144-ACEB-4F85-B08E-D134B3A127B6}.Debug R24|x64.Build.0 = Debug|Any CPU
		{2DC1C144-ACEB-4F85-B08E-D134B3A127B6}.Debug R24|x86.ActiveCfg = Debug|Any CPU
		{2DC1C144-ACEB-4F85-B08E-D134B3A127B6}.Debug R24|x86.Build.0 = Debug|Any CPU
		{2DC1C144-ACEB-4F85-B08E-D134B3A127B6}.Debug|Any CPU.ActiveCfg = Debug|Any CPU
		{2DC1C144-ACEB-4F85-B08E-D134B3A127B6}.Debug|Any CPU.Build.0 = Debug|Any CPU
		{2DC1C144-ACEB-4F85-B08E-D134B3A127B6}.Debug|ARM64.ActiveCfg = Debug|Any CPU
		{2DC1C144-ACEB-4F85-B08E-D134B3A127B6}.Debug|ARM64.Build.0 = Debug|Any CPU
		{2DC1C144-ACEB-4F85-B08E-D134B3A127B6}.Debug|x64.ActiveCfg = Debug|Any CPU
		{2DC1C144-ACEB-4F85-B08E-D134B3A127B6}.Debug|x64.Build.0 = Debug|Any CPU
		{2DC1C144-ACEB-4F85-B08E-D134B3A127B6}.Debug|x86.ActiveCfg = Debug|Any CPU
		{2DC1C144-ACEB-4F85-B08E-D134B3A127B6}.Debug|x86.Build.0 = Debug|Any CPU
		{2DC1C144-ACEB-4F85-B08E-D134B3A127B6}.Release R18|Any CPU.ActiveCfg = Release|Any CPU
		{2DC1C144-ACEB-4F85-B08E-D134B3A127B6}.Release R18|Any CPU.Build.0 = Release|Any CPU
		{2DC1C144-ACEB-4F85-B08E-D134B3A127B6}.Release R18|ARM64.ActiveCfg = Release|Any CPU
		{2DC1C144-ACEB-4F85-B08E-D134B3A127B6}.Release R18|ARM64.Build.0 = Release|Any CPU
		{2DC1C144-ACEB-4F85-B08E-D134B3A127B6}.Release R18|x64.ActiveCfg = Release|Any CPU
		{2DC1C144-ACEB-4F85-B08E-D134B3A127B6}.Release R18|x64.Build.0 = Release|Any CPU
		{2DC1C144-ACEB-4F85-B08E-D134B3A127B6}.Release R18|x86.ActiveCfg = Release|Any CPU
		{2DC1C144-ACEB-4F85-B08E-D134B3A127B6}.Release R18|x86.Build.0 = Release|Any CPU
		{2DC1C144-ACEB-4F85-B08E-D134B3A127B6}.Release R19|Any CPU.ActiveCfg = Release|Any CPU
		{2DC1C144-ACEB-4F85-B08E-D134B3A127B6}.Release R19|Any CPU.Build.0 = Release|Any CPU
		{2DC1C144-ACEB-4F85-B08E-D134B3A127B6}.Release R19|ARM64.ActiveCfg = Release|Any CPU
		{2DC1C144-ACEB-4F85-B08E-D134B3A127B6}.Release R19|ARM64.Build.0 = Release|Any CPU
		{2DC1C144-ACEB-4F85-B08E-D134B3A127B6}.Release R19|x64.ActiveCfg = Release|Any CPU
		{2DC1C144-ACEB-4F85-B08E-D134B3A127B6}.Release R19|x64.Build.0 = Release|Any CPU
		{2DC1C144-ACEB-4F85-B08E-D134B3A127B6}.Release R19|x86.ActiveCfg = Release|Any CPU
		{2DC1C144-ACEB-4F85-B08E-D134B3A127B6}.Release R19|x86.Build.0 = Release|Any CPU
		{2DC1C144-ACEB-4F85-B08E-D134B3A127B6}.Release R20|Any CPU.ActiveCfg = Release|Any CPU
		{2DC1C144-ACEB-4F85-B08E-D134B3A127B6}.Release R20|Any CPU.Build.0 = Release|Any CPU
		{2DC1C144-ACEB-4F85-B08E-D134B3A127B6}.Release R20|ARM64.ActiveCfg = Release|Any CPU
		{2DC1C144-ACEB-4F85-B08E-D134B3A127B6}.Release R20|ARM64.Build.0 = Release|Any CPU
		{2DC1C144-ACEB-4F85-B08E-D134B3A127B6}.Release R20|x64.ActiveCfg = Release|Any CPU
		{2DC1C144-ACEB-4F85-B08E-D134B3A127B6}.Release R20|x64.Build.0 = Release|Any CPU
		{2DC1C144-ACEB-4F85-B08E-D134B3A127B6}.Release R20|x86.ActiveCfg = Release|Any CPU
		{2DC1C144-ACEB-4F85-B08E-D134B3A127B6}.Release R20|x86.Build.0 = Release|Any CPU
		{2DC1C144-ACEB-4F85-B08E-D134B3A127B6}.Release R21|Any CPU.ActiveCfg = Release|Any CPU
		{2DC1C144-ACEB-4F85-B08E-D134B3A127B6}.Release R21|Any CPU.Build.0 = Release|Any CPU
		{2DC1C144-ACEB-4F85-B08E-D134B3A127B6}.Release R21|ARM64.ActiveCfg = Release|Any CPU
		{2DC1C144-ACEB-4F85-B08E-D134B3A127B6}.Release R21|ARM64.Build.0 = Release|Any CPU
		{2DC1C144-ACEB-4F85-B08E-D134B3A127B6}.Release R21|x64.ActiveCfg = Release|Any CPU
		{2DC1C144-ACEB-4F85-B08E-D134B3A127B6}.Release R21|x64.Build.0 = Release|Any CPU
		{2DC1C144-ACEB-4F85-B08E-D134B3A127B6}.Release R21|x86.ActiveCfg = Release|Any CPU
		{2DC1C144-ACEB-4F85-B08E-D134B3A127B6}.Release R21|x86.Build.0 = Release|Any CPU
		{2DC1C144-ACEB-4F85-B08E-D134B3A127B6}.Release R22|Any CPU.ActiveCfg = Release|Any CPU
		{2DC1C144-ACEB-4F85-B08E-D134B3A127B6}.Release R22|Any CPU.Build.0 = Release|Any CPU
		{2DC1C144-ACEB-4F85-B08E-D134B3A127B6}.Release R22|ARM64.ActiveCfg = Release|Any CPU
		{2DC1C144-ACEB-4F85-B08E-D134B3A127B6}.Release R22|ARM64.Build.0 = Release|Any CPU
		{2DC1C144-ACEB-4F85-B08E-D134B3A127B6}.Release R22|x64.ActiveCfg = Release|Any CPU
		{2DC1C144-ACEB-4F85-B08E-D134B3A127B6}.Release R22|x64.Build.0 = Release|Any CPU
		{2DC1C144-ACEB-4F85-B08E-D134B3A127B6}.Release R22|x86.ActiveCfg = Release|Any CPU
		{2DC1C144-ACEB-4F85-B08E-D134B3A127B6}.Release R22|x86.Build.0 = Release|Any CPU
		{2DC1C144-ACEB-4F85-B08E-D134B3A127B6}.Release R23|Any CPU.ActiveCfg = Release|Any CPU
		{2DC1C144-ACEB-4F85-B08E-D134B3A127B6}.Release R23|Any CPU.Build.0 = Release|Any CPU
		{2DC1C144-ACEB-4F85-B08E-D134B3A127B6}.Release R23|ARM64.ActiveCfg = Release|Any CPU
		{2DC1C144-ACEB-4F85-B08E-D134B3A127B6}.Release R23|ARM64.Build.0 = Release|Any CPU
		{2DC1C144-ACEB-4F85-B08E-D134B3A127B6}.Release R23|x64.ActiveCfg = Release|Any CPU
		{2DC1C144-ACEB-4F85-B08E-D134B3A127B6}.Release R23|x64.Build.0 = Release|Any CPU
		{2DC1C144-ACEB-4F85-B08E-D134B3A127B6}.Release R23|x86.ActiveCfg = Release|Any CPU
		{2DC1C144-ACEB-4F85-B08E-D134B3A127B6}.Release R23|x86.Build.0 = Release|Any CPU
		{2DC1C144-ACEB-4F85-B08E-D134B3A127B6}.Release R24|Any CPU.ActiveCfg = Release|Any CPU
		{2DC1C144-ACEB-4F85-B08E-D134B3A127B6}.Release R24|Any CPU.Build.0 = Release|Any CPU
		{2DC1C144-ACEB-4F85-B08E-D134B3A127B6}.Release R24|ARM64.ActiveCfg = Release|Any CPU
		{2DC1C144-ACEB-4F85-B08E-D134B3A127B6}.Release R24|ARM64.Build.0 = Release|Any CPU
		{2DC1C144-ACEB-4F85-B08E-D134B3A127B6}.Release R24|x64.ActiveCfg = Release|Any CPU
		{2DC1C144-ACEB-4F85-B08E-D134B3A127B6}.Release R24|x64.Build.0 = Release|Any CPU
		{2DC1C144-ACEB-4F85-B08E-D134B3A127B6}.Release R24|x86.ActiveCfg = Release|Any CPU
		{2DC1C144-ACEB-4F85-B08E-D134B3A127B6}.Release R24|x86.Build.0 = Release|Any CPU
		{2DC1C144-ACEB-4F85-B08E-D134B3A127B6}.Release|Any CPU.ActiveCfg = Release|Any CPU
		{2DC1C144-ACEB-4F85-B08E-D134B3A127B6}.Release|Any CPU.Build.0 = Release|Any CPU
		{2DC1C144-ACEB-4F85-B08E-D134B3A127B6}.Release|ARM64.ActiveCfg = Release|Any CPU
		{2DC1C144-ACEB-4F85-B08E-D134B3A127B6}.Release|ARM64.Build.0 = Release|Any CPU
		{2DC1C144-ACEB-4F85-B08E-D134B3A127B6}.Release|x64.ActiveCfg = Release|Any CPU
		{2DC1C144-ACEB-4F85-B08E-D134B3A127B6}.Release|x64.Build.0 = Release|Any CPU
		{2DC1C144-ACEB-4F85-B08E-D134B3A127B6}.Release|x86.ActiveCfg = Release|Any CPU
		{2DC1C144-ACEB-4F85-B08E-D134B3A127B6}.Release|x86.Build.0 = Release|Any CPU
	EndGlobalSection
	GlobalSection(SolutionProperties) = preSolution
		HideSolutionNode = FALSE
	EndGlobalSection
	GlobalSection(ExtensibilityGlobals) = postSolution
		SolutionGuid = {4D7905A9-03E8-4DE2-BFEF-4412E7A91FDC}
	EndGlobalSection
EndGlobal
